// !$*UTF8*$!
{
	archiveVersion = 1;
	classes = {
	};
	objectVersion = 46;
	objects = {

/* Begin PBXBuildFile section */
		381DB9BF1980D41700CB6AAB /* ZenvoViewController.m in Sources */ = {isa = PBXBuildFile; fileRef = 381DB9BE1980D41700CB6AAB /* ZenvoViewController.m */; };
		38327B4F197D5B4A00072A31 /* BugattiViewController.m in Sources */ = {isa = PBXBuildFile; fileRef = 38327B4E197D5B4A00072A31 /* BugattiViewController.m */; };
		38327B52197D5E0C00072A31 /* BuickViewController.m in Sources */ = {isa = PBXBuildFile; fileRef = 38327B51197D5E0C00072A31 /* BuickViewController.m */; };
		38327B55197D5F4400072A31 /* CadillacViewController.m in Sources */ = {isa = PBXBuildFile; fileRef = 38327B54197D5F4400072A31 /* CadillacViewController.m */; };
		38327B58197D60DA00072A31 /* CaparoViewController.m in Sources */ = {isa = PBXBuildFile; fileRef = 38327B57197D60DA00072A31 /* CaparoViewController.m */; };
		38327B5B197D625300072A31 /* CaterhamViewController.m in Sources */ = {isa = PBXBuildFile; fileRef = 38327B5A197D625300072A31 /* CaterhamViewController.m */; };
		38327B5E197D636300072A31 /* ChevroletViewController.m in Sources */ = {isa = PBXBuildFile; fileRef = 38327B5D197D636300072A31 /* ChevroletViewController.m */; };
		38327B61197D64B800072A31 /* ChryslerViewController.m in Sources */ = {isa = PBXBuildFile; fileRef = 38327B60197D64B800072A31 /* ChryslerViewController.m */; };
		38327B64197D668200072A31 /* CitroenViewController.m in Sources */ = {isa = PBXBuildFile; fileRef = 38327B63197D668200072A31 /* CitroenViewController.m */; };
		38327B67197D67BF00072A31 /* CorvetteViewController.m in Sources */ = {isa = PBXBuildFile; fileRef = 38327B66197D67BF00072A31 /* CorvetteViewController.m */; };
		38327B6A197D696E00072A31 /* DaciaViewController.m in Sources */ = {isa = PBXBuildFile; fileRef = 38327B69197D696E00072A31 /* DaciaViewController.m */; };
		38327B6D197D6BAB00072A31 /* DeLoreanViewController.m in Sources */ = {isa = PBXBuildFile; fileRef = 38327B6C197D6BAB00072A31 /* DeLoreanViewController.m */; };
		38327B70197D6CED00072A31 /* DodgeViewController.m in Sources */ = {isa = PBXBuildFile; fileRef = 38327B6F197D6CED00072A31 /* DodgeViewController.m */; };
		38327B73197D6FB400072A31 /* FerrariViewController.m in Sources */ = {isa = PBXBuildFile; fileRef = 38327B72197D6FB400072A31 /* FerrariViewController.m */; };
		383F2EFF19835CAA001A9E92 /* MakesViewController2.m in Sources */ = {isa = PBXBuildFile; fileRef = 383F2EFE19835CAA001A9E92 /* MakesViewController2.m */; };
		383F2F021983618C001A9E92 /* DetailViewController2.m in Sources */ = {isa = PBXBuildFile; fileRef = 383F2F011983618C001A9E92 /* DetailViewController2.m */; };
		383F2F0519836923001A9E92 /* CompareViewController2.m in Sources */ = {isa = PBXBuildFile; fileRef = 383F2F0419836923001A9E92 /* CompareViewController2.m */; };
		38595D9D197C4D4200AA0BF9 /* CarViewCell.m in Sources */ = {isa = PBXBuildFile; fileRef = 38595D9C197C4D4200AA0BF9 /* CarViewCell.m */; };
		38595DA3197C710300AA0BF9 /* MakesViewController.m in Sources */ = {isa = PBXBuildFile; fileRef = 38595DA2197C710300AA0BF9 /* MakesViewController.m */; };
		38595DA6197C73A700AA0BF9 /* BackgroundLayer.m in Sources */ = {isa = PBXBuildFile; fileRef = 38595DA5197C73A700AA0BF9 /* BackgroundLayer.m */; };
		38595DDE197CA88700AA0BF9 /* AlfaRomeoViewController.m in Sources */ = {isa = PBXBuildFile; fileRef = 38595DDD197CA88700AA0BF9 /* AlfaRomeoViewController.m */; };
		38595DE1197CAE5800AA0BF9 /* ArashViewController.m in Sources */ = {isa = PBXBuildFile; fileRef = 38595DE0197CAE5800AA0BF9 /* ArashViewController.m */; };
		385C1403197B3F76003BBB09 /* Make.m in Sources */ = {isa = PBXBuildFile; fileRef = 385C1402197B3F76003BBB09 /* Make.m */; };
		385C1405197B3FDA003BBB09 /* MainStoryboard.storyboard in Resources */ = {isa = PBXBuildFile; fileRef = 385C1404197B3FDA003BBB09 /* MainStoryboard.storyboard */; };
		385C140E197B5299003BBB09 /* Model.m in Sources */ = {isa = PBXBuildFile; fileRef = 385C140D197B5299003BBB09 /* Model.m */; };
		385C141A197BBB3A003BBB09 /* AcuraViewController.m in Sources */ = {isa = PBXBuildFile; fileRef = 385C1419197BBB3A003BBB09 /* AcuraViewController.m */; };
		385C141D197BBC32003BBB09 /* DetailViewController.m in Sources */ = {isa = PBXBuildFile; fileRef = 385C141C197BBC32003BBB09 /* DetailViewController.m */; };
		386C830A197D433600F2C008 /* ArielViewController.m in Sources */ = {isa = PBXBuildFile; fileRef = 386C8309197D433600F2C008 /* ArielViewController.m */; };
		386C830D197D45E200F2C008 /* AstonMartinViewController.m in Sources */ = {isa = PBXBuildFile; fileRef = 386C830C197D45E200F2C008 /* AstonMartinViewController.m */; };
		386C8313197D497400F2C008 /* AudiViewController.m in Sources */ = {isa = PBXBuildFile; fileRef = 386C8312197D497400F2C008 /* AudiViewController.m */; };
		386C831F197D546100F2C008 /* BacViewController.m in Sources */ = {isa = PBXBuildFile; fileRef = 386C831E197D546100F2C008 /* BacViewController.m */; };
		387C25CC197DC194007B7BFA /* FiatViewController.m in Sources */ = {isa = PBXBuildFile; fileRef = 387C25CB197DC194007B7BFA /* FiatViewController.m */; };
		387C25CF197DC3F9007B7BFA /* FiskerViewController.m in Sources */ = {isa = PBXBuildFile; fileRef = 387C25CE197DC3F9007B7BFA /* FiskerViewController.m */; };
		387C25D2197DC5B1007B7BFA /* FordViewController.m in Sources */ = {isa = PBXBuildFile; fileRef = 387C25D1197DC5B1007B7BFA /* FordViewController.m */; };
		387C25D5197DCF85007B7BFA /* GMCViewController.m in Sources */ = {isa = PBXBuildFile; fileRef = 387C25D4197DCF85007B7BFA /* GMCViewController.m */; };
		387C25D8197DD0D9007B7BFA /* GumpertViewController.m in Sources */ = {isa = PBXBuildFile; fileRef = 387C25D7197DD0D9007B7BFA /* GumpertViewController.m */; };
		387C25DB197DD298007B7BFA /* HennesseyViewController.m in Sources */ = {isa = PBXBuildFile; fileRef = 387C25DA197DD298007B7BFA /* HennesseyViewController.m */; };
		387C25DE197DD40C007B7BFA /* HondaViewController.m in Sources */ = {isa = PBXBuildFile; fileRef = 387C25DD197DD40C007B7BFA /* HondaViewController.m */; };
		387C25E1197DDEDC007B7BFA /* HummerViewController.m in Sources */ = {isa = PBXBuildFile; fileRef = 387C25E0197DDEDC007B7BFA /* HummerViewController.m */; };
		387C25E4197DE12B007B7BFA /* HyundaiViewController.m in Sources */ = {isa = PBXBuildFile; fileRef = 387C25E3197DE12B007B7BFA /* HyundaiViewController.m */; };
		387C25E7197DE250007B7BFA /* InfinitiViewController.m in Sources */ = {isa = PBXBuildFile; fileRef = 387C25E6197DE250007B7BFA /* InfinitiViewController.m */; };
		387C25EA197DE30F007B7BFA /* JaguarViewController.m in Sources */ = {isa = PBXBuildFile; fileRef = 387C25E9197DE30F007B7BFA /* JaguarViewController.m */; };
		387C25ED197DE425007B7BFA /* JeepViewController.m in Sources */ = {isa = PBXBuildFile; fileRef = 387C25EC197DE425007B7BFA /* JeepViewController.m */; };
		387C25F0197DE560007B7BFA /* KiaViewController.m in Sources */ = {isa = PBXBuildFile; fileRef = 387C25EF197DE560007B7BFA /* KiaViewController.m */; };
		387C25F3197DE6B1007B7BFA /* KoenigseggViewController.m in Sources */ = {isa = PBXBuildFile; fileRef = 387C25F2197DE6B1007B7BFA /* KoenigseggViewController.m */; };
		387C25F6197DEC7B007B7BFA /* LamborghiniViewController.m in Sources */ = {isa = PBXBuildFile; fileRef = 387C25F5197DEC7B007B7BFA /* LamborghiniViewController.m */; };
		387C25F9197DEF1B007B7BFA /* LandRoverViewController.m in Sources */ = {isa = PBXBuildFile; fileRef = 387C25F8197DEF1B007B7BFA /* LandRoverViewController.m */; };
		387C25FC197DF155007B7BFA /* LexusViewController.m in Sources */ = {isa = PBXBuildFile; fileRef = 387C25FB197DF155007B7BFA /* LexusViewController.m */; };
		387C25FF197DF296007B7BFA /* LincolnViewController.m in Sources */ = {isa = PBXBuildFile; fileRef = 387C25FE197DF296007B7BFA /* LincolnViewController.m */; };
		387C2602197DF350007B7BFA /* LotusViewController.m in Sources */ = {isa = PBXBuildFile; fileRef = 387C2601197DF350007B7BFA /* LotusViewController.m */; };
		387C2605197DF424007B7BFA /* MaseratiViewController.m in Sources */ = {isa = PBXBuildFile; fileRef = 387C2604197DF424007B7BFA /* MaseratiViewController.m */; };
		387C2608197DF518007B7BFA /* MaybachViewController.m in Sources */ = {isa = PBXBuildFile; fileRef = 387C2607197DF518007B7BFA /* MaybachViewController.m */; };
		387C260B197DF638007B7BFA /* MazdaViewController.m in Sources */ = {isa = PBXBuildFile; fileRef = 387C260A197DF638007B7BFA /* MazdaViewController.m */; };
		387C260E197DF736007B7BFA /* McLarenViewController.m in Sources */ = {isa = PBXBuildFile; fileRef = 387C260D197DF736007B7BFA /* McLarenViewController.m */; };
		387C2611197DF8CF007B7BFA /* MercedesBenzViewController.m in Sources */ = {isa = PBXBuildFile; fileRef = 387C2610197DF8CF007B7BFA /* MercedesBenzViewController.m */; };
		387C2614197DF9E4007B7BFA /* MiniViewController.m in Sources */ = {isa = PBXBuildFile; fileRef = 387C2613197DF9E4007B7BFA /* MiniViewController.m */; };
		387C2617197DFFD2007B7BFA /* MitsubishiViewController.m in Sources */ = {isa = PBXBuildFile; fileRef = 387C2616197DFFD2007B7BFA /* MitsubishiViewController.m */; };
		387C261A197E0085007B7BFA /* NissanViewController.m in Sources */ = {isa = PBXBuildFile; fileRef = 387C2619197E0085007B7BFA /* NissanViewController.m */; };
		387C261D197E0179007B7BFA /* PaganiViewController.m in Sources */ = {isa = PBXBuildFile; fileRef = 387C261C197E0179007B7BFA /* PaganiViewController.m */; };
		387C2620197E032C007B7BFA /* PeugeotViewController.m in Sources */ = {isa = PBXBuildFile; fileRef = 387C261F197E032C007B7BFA /* PeugeotViewController.m */; };
		387C2623197E05CA007B7BFA /* PorscheViewController.m in Sources */ = {isa = PBXBuildFile; fileRef = 387C2622197E05CA007B7BFA /* PorscheViewController.m */; };
		387C2626197E0943007B7BFA /* RAMViewController.m in Sources */ = {isa = PBXBuildFile; fileRef = 387C2625197E0943007B7BFA /* RAMViewController.m */; };
		387C2629197E0AB8007B7BFA /* RenaultViewController.m in Sources */ = {isa = PBXBuildFile; fileRef = 387C2628197E0AB8007B7BFA /* RenaultViewController.m */; };
		387C262C197E0C20007B7BFA /* RollsRoyceViewController.m in Sources */ = {isa = PBXBuildFile; fileRef = 387C262B197E0C20007B7BFA /* RollsRoyceViewController.m */; };
		387C262F197E0D62007B7BFA /* ScionViewController.m in Sources */ = {isa = PBXBuildFile; fileRef = 387C262E197E0D62007B7BFA /* ScionViewController.m */; };
		387C2632197E0E54007B7BFA /* SpykerViewController.m in Sources */ = {isa = PBXBuildFile; fileRef = 387C2631197E0E54007B7BFA /* SpykerViewController.m */; };
		387C2635197E0F7D007B7BFA /* SRTViewController.m in Sources */ = {isa = PBXBuildFile; fileRef = 387C2634197E0F7D007B7BFA /* SRTViewController.m */; };
		387C2638197E10BB007B7BFA /* SSCViewController.m in Sources */ = {isa = PBXBuildFile; fileRef = 387C2637197E10BB007B7BFA /* SSCViewController.m */; };
		387C263B197E119C007B7BFA /* SubaruViewController.m in Sources */ = {isa = PBXBuildFile; fileRef = 387C263A197E119C007B7BFA /* SubaruViewController.m */; };
		387C263E197E12AE007B7BFA /* TeslaViewController.m in Sources */ = {isa = PBXBuildFile; fileRef = 387C263D197E12AE007B7BFA /* TeslaViewController.m */; };
		387C2641197E13A2007B7BFA /* ToyotaViewController.m in Sources */ = {isa = PBXBuildFile; fileRef = 387C2640197E13A2007B7BFA /* ToyotaViewController.m */; };
		387C2647197E15BF007B7BFA /* VolkswagenViewController.m in Sources */ = {isa = PBXBuildFile; fileRef = 387C2646197E15BF007B7BFA /* VolkswagenViewController.m */; };
		387C264A197E1784007B7BFA /* VolvoViewController.m in Sources */ = {isa = PBXBuildFile; fileRef = 387C2649197E1784007B7BFA /* VolvoViewController.m */; };
		3887F72C197D56D100C002BA /* BentleyViewController.m in Sources */ = {isa = PBXBuildFile; fileRef = 3887F72B197D56D100C002BA /* BentleyViewController.m */; };
		3887F72F197D587900C002BA /* BMWViewController.m in Sources */ = {isa = PBXBuildFile; fileRef = 3887F72E197D587900C002BA /* BMWViewController.m */; };
		38A09C20197F62C700254457 /* CompareViewController.m in Sources */ = {isa = PBXBuildFile; fileRef = 38A09C1F197F62C700254457 /* CompareViewController.m */; };
		38CCEA82198432C300A157EA /* MessageUI.framework in Frameworks */ = {isa = PBXBuildFile; fileRef = 38CCEA81198432C300A157EA /* MessageUI.framework */; };
		38CCEA851984356600A157EA /* DisputeInfoViewController.m in Sources */ = {isa = PBXBuildFile; fileRef = 38CCEA841984356600A157EA /* DisputeInfoViewController.m */; };
		38CCEA8819843FF000A157EA /* TopTensViewController2.m in Sources */ = {isa = PBXBuildFile; fileRef = 38CCEA8719843FF000A157EA /* TopTensViewController2.m */; };
		38CCEA8D19844AB900A157EA /* DisputeInfoViewController2.m in Sources */ = {isa = PBXBuildFile; fileRef = 38CCEA8C19844AB900A157EA /* DisputeInfoViewController2.m */; };
		38F2BB9C19847BE100485D9E /* Metal Background.jpg in Resources */ = {isa = PBXBuildFile; fileRef = 38F2BB9B19847BE100485D9E /* Metal Background.jpg */; };
		38F2BBA31984834600485D9E /* horse_PNG2553.png in Resources */ = {isa = PBXBuildFile; fileRef = 38F2BB9D1984834600485D9E /* horse_PNG2553.png */; };
		38F2BBA41984834600485D9E /* moneystack.png in Resources */ = {isa = PBXBuildFile; fileRef = 38F2BB9E1984834600485D9E /* moneystack.png */; };
		38F2BBA51984834600485D9E /* racing-christmas-tree-hi.png in Resources */ = {isa = PBXBuildFile; fileRef = 38F2BB9F1984834600485D9E /* racing-christmas-tree-hi.png */; };
		38F2BBA61984834600485D9E /* RcA6RKnAi.png in Resources */ = {isa = PBXBuildFile; fileRef = 38F2BBA01984834600485D9E /* RcA6RKnAi.png */; };
		38F2BBA71984834600485D9E /* Sickly_Speedometer.png in Resources */ = {isa = PBXBuildFile; fileRef = 38F2BBA11984834600485D9E /* Sickly_Speedometer.png */; };
		38F2BBA81984834600485D9E /* Sport-Activities-Stopwatch-icon.png in Resources */ = {isa = PBXBuildFile; fileRef = 38F2BBA21984834600485D9E /* Sport-Activities-Stopwatch-icon.png */; };
		38F2BBB31984841200485D9E /* dollarsign.png in Resources */ = {isa = PBXBuildFile; fileRef = 38F2BBA91984841200485D9E /* dollarsign.png */; };
		38F2BBB41984841200485D9E /* Drive Type Icon.png in Resources */ = {isa = PBXBuildFile; fileRef = 38F2BBAA1984841200485D9E /* Drive Type Icon.png */; };
		38F2BBB51984841200485D9E /* Engine Icon.png in Resources */ = {isa = PBXBuildFile; fileRef = 38F2BBAB1984841200485D9E /* Engine Icon.png */; };
		38F2BBB61984841200485D9E /* fuel pump icon.png in Resources */ = {isa = PBXBuildFile; fileRef = 38F2BBAC1984841200485D9E /* fuel pump icon.png */; };
		38F2BBB71984841200485D9E /* Horsepower Icon.png in Resources */ = {isa = PBXBuildFile; fileRef = 38F2BBAD1984841200485D9E /* Horsepower Icon.png */; };
		38F2BBB81984841200485D9E /* stopwatch icon.png in Resources */ = {isa = PBXBuildFile; fileRef = 38F2BBAE1984841200485D9E /* stopwatch icon.png */; };
		38F2BBB91984841200485D9E /* tachometer-md.png in Resources */ = {isa = PBXBuildFile; fileRef = 38F2BBAF1984841200485D9E /* tachometer-md.png */; };
		38F2BBBA1984841200485D9E /* Transmission Icon.png in Resources */ = {isa = PBXBuildFile; fileRef = 38F2BBB01984841200485D9E /* Transmission Icon.png */; };
		38F2BBBB1984841200485D9E /* weight Icon.png in Resources */ = {isa = PBXBuildFile; fileRef = 38F2BBB11984841200485D9E /* weight Icon.png */; };
		38F2BBBC1984841200485D9E /* Years Made Icon.png in Resources */ = {isa = PBXBuildFile; fileRef = 38F2BBB21984841200485D9E /* Years Made Icon.png */; };
		AA55468B1979F2CD00E7CF12 /* Foundation.framework in Frameworks */ = {isa = PBXBuildFile; fileRef = AA55468A1979F2CD00E7CF12 /* Foundation.framework */; };
		AA55468D1979F2CD00E7CF12 /* CoreGraphics.framework in Frameworks */ = {isa = PBXBuildFile; fileRef = AA55468C1979F2CD00E7CF12 /* CoreGraphics.framework */; };
		AA55468F1979F2CD00E7CF12 /* UIKit.framework in Frameworks */ = {isa = PBXBuildFile; fileRef = AA55468E1979F2CD00E7CF12 /* UIKit.framework */; };
		AA5546951979F2CE00E7CF12 /* InfoPlist.strings in Resources */ = {isa = PBXBuildFile; fileRef = AA5546931979F2CE00E7CF12 /* InfoPlist.strings */; };
		AA5546971979F2CE00E7CF12 /* main.m in Sources */ = {isa = PBXBuildFile; fileRef = AA5546961979F2CE00E7CF12 /* main.m */; };
		AA55469B1979F2CE00E7CF12 /* AppDelegate.m in Sources */ = {isa = PBXBuildFile; fileRef = AA55469A1979F2CE00E7CF12 /* AppDelegate.m */; };
		AA5546A31979F2CE00E7CF12 /* Images.xcassets in Resources */ = {isa = PBXBuildFile; fileRef = AA5546A21979F2CE00E7CF12 /* Images.xcassets */; };
		AA5546AA1979F2CE00E7CF12 /* XCTest.framework in Frameworks */ = {isa = PBXBuildFile; fileRef = AA5546A91979F2CE00E7CF12 /* XCTest.framework */; };
		AA5546AB1979F2CE00E7CF12 /* Foundation.framework in Frameworks */ = {isa = PBXBuildFile; fileRef = AA55468A1979F2CD00E7CF12 /* Foundation.framework */; };
		AA5546AC1979F2CE00E7CF12 /* UIKit.framework in Frameworks */ = {isa = PBXBuildFile; fileRef = AA55468E1979F2CD00E7CF12 /* UIKit.framework */; };
		AA5546B41979F2CE00E7CF12 /* InfoPlist.strings in Resources */ = {isa = PBXBuildFile; fileRef = AA5546B21979F2CE00E7CF12 /* InfoPlist.strings */; };
		AA5546B61979F2CE00E7CF12 /* CarhubTests.m in Sources */ = {isa = PBXBuildFile; fileRef = AA5546B51979F2CE00E7CF12 /* CarhubTests.m */; };
		AA8D9E561980A75600AAB3E2 /* iAd.framework in Frameworks */ = {isa = PBXBuildFile; fileRef = AA8D9E551980A75600AAB3E2 /* iAd.framework */; };
		AA8D9E5C1980B3AE00AAB3E2 /* TopTensViewController.m in Sources */ = {isa = PBXBuildFile; fileRef = AA8D9E5B1980B3AE00AAB3E2 /* TopTensViewController.m */; };
		AAB744D61983167800A8545A /* MainStoryboard.storyboard in Resources */ = {isa = PBXBuildFile; fileRef = 385C1404197B3FDA003BBB09 /* MainStoryboard.storyboard */; };
		AAB744E2198318BF00A8545A /* MainStoryboard4.storyboard in Resources */ = {isa = PBXBuildFile; fileRef = AAB744E1198318BF00A8545A /* MainStoryboard4.storyboard */; };
		AAB744E3198318BF00A8545A /* MainStoryboard4.storyboard in Resources */ = {isa = PBXBuildFile; fileRef = AAB744E1198318BF00A8545A /* MainStoryboard4.storyboard */; };
		AAB9448C1984797800E60C64 /* Metal Background.jpg in Resources */ = {isa = PBXBuildFile; fileRef = AAB9448B1984797800E60C64 /* Metal Background.jpg */; };
		AAB9449B1984834400E60C64 /* 0-60 Icon.png in Resources */ = {isa = PBXBuildFile; fileRef = AAB9448D1984834400E60C64 /* 0-60 Icon.png */; };
		AAB9449C1984834400E60C64 /* dollarsign.png in Resources */ = {isa = PBXBuildFile; fileRef = AAB9448E1984834400E60C64 /* dollarsign.png */; };
		AAB9449D1984834400E60C64 /* Drive Type Icon.png in Resources */ = {isa = PBXBuildFile; fileRef = AAB9448F1984834400E60C64 /* Drive Type Icon.png */; };
		AAB9449E1984834400E60C64 /* Engine Icon.png in Resources */ = {isa = PBXBuildFile; fileRef = AAB944901984834400E60C64 /* Engine Icon.png */; };
		AAB9449F1984834400E60C64 /* fuel pump icon.png in Resources */ = {isa = PBXBuildFile; fileRef = AAB944911984834400E60C64 /* fuel pump icon.png */; };
		AAB944A01984834400E60C64 /* Horsepower Icon.png in Resources */ = {isa = PBXBuildFile; fileRef = AAB944921984834400E60C64 /* Horsepower Icon.png */; };
		AAB944A11984834400E60C64 /* Price Icon.jpg in Resources */ = {isa = PBXBuildFile; fileRef = AAB944931984834400E60C64 /* Price Icon.jpg */; };
		AAB944A21984834400E60C64 /* price icon.png in Resources */ = {isa = PBXBuildFile; fileRef = AAB944941984834400E60C64 /* price icon.png */; };
		AAB944A31984834400E60C64 /* stopwatch icon.png in Resources */ = {isa = PBXBuildFile; fileRef = AAB944951984834400E60C64 /* stopwatch icon.png */; };
		AAB944A41984834400E60C64 /* tachometer-md.png in Resources */ = {isa = PBXBuildFile; fileRef = AAB944961984834400E60C64 /* tachometer-md.png */; };
		AAB944A51984834400E60C64 /* Top Speed icon.png in Resources */ = {isa = PBXBuildFile; fileRef = AAB944971984834400E60C64 /* Top Speed icon.png */; };
		AAB944A61984834400E60C64 /* Transmission Icon.png in Resources */ = {isa = PBXBuildFile; fileRef = AAB944981984834400E60C64 /* Transmission Icon.png */; };
		AAB944A71984834400E60C64 /* weight Icon.png in Resources */ = {isa = PBXBuildFile; fileRef = AAB944991984834400E60C64 /* weight Icon.png */; };
		AAB944A81984834400E60C64 /* Years Made Icon.png in Resources */ = {isa = PBXBuildFile; fileRef = AAB9449A1984834400E60C64 /* Years Made Icon.png */; };
/* End PBXBuildFile section */

/* Begin PBXContainerItemProxy section */
		AA5546AD1979F2CE00E7CF12 /* PBXContainerItemProxy */ = {
			isa = PBXContainerItemProxy;
			containerPortal = AA55467F1979F2CD00E7CF12 /* Project object */;
			proxyType = 1;
			remoteGlobalIDString = AA5546861979F2CD00E7CF12;
			remoteInfo = Carhub;
		};
/* End PBXContainerItemProxy section */

/* Begin PBXFileReference section */
		381DB9BD1980D41700CB6AAB /* ZenvoViewController.h */ = {isa = PBXFileReference; fileEncoding = 4; lastKnownFileType = sourcecode.c.h; path = ZenvoViewController.h; sourceTree = "<group>"; };
		381DB9BE1980D41700CB6AAB /* ZenvoViewController.m */ = {isa = PBXFileReference; fileEncoding = 4; lastKnownFileType = sourcecode.c.objc; path = ZenvoViewController.m; sourceTree = "<group>"; };
		38327B4D197D5B4A00072A31 /* BugattiViewController.h */ = {isa = PBXFileReference; fileEncoding = 4; lastKnownFileType = sourcecode.c.h; path = BugattiViewController.h; sourceTree = "<group>"; };
		38327B4E197D5B4A00072A31 /* BugattiViewController.m */ = {isa = PBXFileReference; fileEncoding = 4; lastKnownFileType = sourcecode.c.objc; path = BugattiViewController.m; sourceTree = "<group>"; };
		38327B50197D5E0C00072A31 /* BuickViewController.h */ = {isa = PBXFileReference; fileEncoding = 4; lastKnownFileType = sourcecode.c.h; path = BuickViewController.h; sourceTree = "<group>"; };
		38327B51197D5E0C00072A31 /* BuickViewController.m */ = {isa = PBXFileReference; fileEncoding = 4; lastKnownFileType = sourcecode.c.objc; path = BuickViewController.m; sourceTree = "<group>"; };
		38327B53197D5F4400072A31 /* CadillacViewController.h */ = {isa = PBXFileReference; fileEncoding = 4; lastKnownFileType = sourcecode.c.h; path = CadillacViewController.h; sourceTree = "<group>"; };
		38327B54197D5F4400072A31 /* CadillacViewController.m */ = {isa = PBXFileReference; fileEncoding = 4; lastKnownFileType = sourcecode.c.objc; path = CadillacViewController.m; sourceTree = "<group>"; };
		38327B56197D60DA00072A31 /* CaparoViewController.h */ = {isa = PBXFileReference; fileEncoding = 4; lastKnownFileType = sourcecode.c.h; path = CaparoViewController.h; sourceTree = "<group>"; };
		38327B57197D60DA00072A31 /* CaparoViewController.m */ = {isa = PBXFileReference; fileEncoding = 4; lastKnownFileType = sourcecode.c.objc; path = CaparoViewController.m; sourceTree = "<group>"; };
		38327B59197D625300072A31 /* CaterhamViewController.h */ = {isa = PBXFileReference; fileEncoding = 4; lastKnownFileType = sourcecode.c.h; path = CaterhamViewController.h; sourceTree = "<group>"; };
		38327B5A197D625300072A31 /* CaterhamViewController.m */ = {isa = PBXFileReference; fileEncoding = 4; lastKnownFileType = sourcecode.c.objc; path = CaterhamViewController.m; sourceTree = "<group>"; };
		38327B5C197D636300072A31 /* ChevroletViewController.h */ = {isa = PBXFileReference; fileEncoding = 4; lastKnownFileType = sourcecode.c.h; path = ChevroletViewController.h; sourceTree = "<group>"; };
		38327B5D197D636300072A31 /* ChevroletViewController.m */ = {isa = PBXFileReference; fileEncoding = 4; lastKnownFileType = sourcecode.c.objc; path = ChevroletViewController.m; sourceTree = "<group>"; };
		38327B5F197D64B800072A31 /* ChryslerViewController.h */ = {isa = PBXFileReference; fileEncoding = 4; lastKnownFileType = sourcecode.c.h; path = ChryslerViewController.h; sourceTree = "<group>"; };
		38327B60197D64B800072A31 /* ChryslerViewController.m */ = {isa = PBXFileReference; fileEncoding = 4; lastKnownFileType = sourcecode.c.objc; path = ChryslerViewController.m; sourceTree = "<group>"; };
		38327B62197D668200072A31 /* CitroenViewController.h */ = {isa = PBXFileReference; fileEncoding = 4; lastKnownFileType = sourcecode.c.h; path = CitroenViewController.h; sourceTree = "<group>"; };
		38327B63197D668200072A31 /* CitroenViewController.m */ = {isa = PBXFileReference; fileEncoding = 4; lastKnownFileType = sourcecode.c.objc; path = CitroenViewController.m; sourceTree = "<group>"; };
		38327B65197D67BF00072A31 /* CorvetteViewController.h */ = {isa = PBXFileReference; fileEncoding = 4; lastKnownFileType = sourcecode.c.h; path = CorvetteViewController.h; sourceTree = "<group>"; };
		38327B66197D67BF00072A31 /* CorvetteViewController.m */ = {isa = PBXFileReference; fileEncoding = 4; lastKnownFileType = sourcecode.c.objc; path = CorvetteViewController.m; sourceTree = "<group>"; };
		38327B68197D696E00072A31 /* DaciaViewController.h */ = {isa = PBXFileReference; fileEncoding = 4; lastKnownFileType = sourcecode.c.h; path = DaciaViewController.h; sourceTree = "<group>"; };
		38327B69197D696E00072A31 /* DaciaViewController.m */ = {isa = PBXFileReference; fileEncoding = 4; lastKnownFileType = sourcecode.c.objc; path = DaciaViewController.m; sourceTree = "<group>"; };
		38327B6B197D6BAB00072A31 /* DeLoreanViewController.h */ = {isa = PBXFileReference; fileEncoding = 4; lastKnownFileType = sourcecode.c.h; path = DeLoreanViewController.h; sourceTree = "<group>"; };
		38327B6C197D6BAB00072A31 /* DeLoreanViewController.m */ = {isa = PBXFileReference; fileEncoding = 4; lastKnownFileType = sourcecode.c.objc; path = DeLoreanViewController.m; sourceTree = "<group>"; };
		38327B6E197D6CED00072A31 /* DodgeViewController.h */ = {isa = PBXFileReference; fileEncoding = 4; lastKnownFileType = sourcecode.c.h; path = DodgeViewController.h; sourceTree = "<group>"; };
		38327B6F197D6CED00072A31 /* DodgeViewController.m */ = {isa = PBXFileReference; fileEncoding = 4; lastKnownFileType = sourcecode.c.objc; path = DodgeViewController.m; sourceTree = "<group>"; };
		38327B71197D6FB400072A31 /* FerrariViewController.h */ = {isa = PBXFileReference; fileEncoding = 4; lastKnownFileType = sourcecode.c.h; path = FerrariViewController.h; sourceTree = "<group>"; };
		38327B72197D6FB400072A31 /* FerrariViewController.m */ = {isa = PBXFileReference; fileEncoding = 4; lastKnownFileType = sourcecode.c.objc; path = FerrariViewController.m; sourceTree = "<group>"; };
		383F2EFD19835CAA001A9E92 /* MakesViewController2.h */ = {isa = PBXFileReference; fileEncoding = 4; lastKnownFileType = sourcecode.c.h; path = MakesViewController2.h; sourceTree = "<group>"; };
		383F2EFE19835CAA001A9E92 /* MakesViewController2.m */ = {isa = PBXFileReference; fileEncoding = 4; lastKnownFileType = sourcecode.c.objc; path = MakesViewController2.m; sourceTree = "<group>"; };
		383F2F001983618C001A9E92 /* DetailViewController2.h */ = {isa = PBXFileReference; fileEncoding = 4; lastKnownFileType = sourcecode.c.h; path = DetailViewController2.h; sourceTree = "<group>"; };
		383F2F011983618C001A9E92 /* DetailViewController2.m */ = {isa = PBXFileReference; fileEncoding = 4; lastKnownFileType = sourcecode.c.objc; path = DetailViewController2.m; sourceTree = "<group>"; };
		383F2F0319836923001A9E92 /* CompareViewController2.h */ = {isa = PBXFileReference; fileEncoding = 4; lastKnownFileType = sourcecode.c.h; path = CompareViewController2.h; sourceTree = "<group>"; };
		383F2F0419836923001A9E92 /* CompareViewController2.m */ = {isa = PBXFileReference; fileEncoding = 4; lastKnownFileType = sourcecode.c.objc; path = CompareViewController2.m; sourceTree = "<group>"; };
		38595D9B197C4D4200AA0BF9 /* CarViewCell.h */ = {isa = PBXFileReference; fileEncoding = 4; lastKnownFileType = sourcecode.c.h; path = CarViewCell.h; sourceTree = "<group>"; };
		38595D9C197C4D4200AA0BF9 /* CarViewCell.m */ = {isa = PBXFileReference; fileEncoding = 4; lastKnownFileType = sourcecode.c.objc; path = CarViewCell.m; sourceTree = "<group>"; };
		38595DA1197C710300AA0BF9 /* MakesViewController.h */ = {isa = PBXFileReference; fileEncoding = 4; lastKnownFileType = sourcecode.c.h; path = MakesViewController.h; sourceTree = "<group>"; };
		38595DA2197C710300AA0BF9 /* MakesViewController.m */ = {isa = PBXFileReference; fileEncoding = 4; lastKnownFileType = sourcecode.c.objc; path = MakesViewController.m; sourceTree = "<group>"; };
		38595DA4197C73A700AA0BF9 /* BackgroundLayer.h */ = {isa = PBXFileReference; fileEncoding = 4; lastKnownFileType = sourcecode.c.h; path = BackgroundLayer.h; sourceTree = "<group>"; };
		38595DA5197C73A700AA0BF9 /* BackgroundLayer.m */ = {isa = PBXFileReference; fileEncoding = 4; lastKnownFileType = sourcecode.c.objc; path = BackgroundLayer.m; sourceTree = "<group>"; };
		38595DDC197CA88700AA0BF9 /* AlfaRomeoViewController.h */ = {isa = PBXFileReference; fileEncoding = 4; lastKnownFileType = sourcecode.c.h; path = AlfaRomeoViewController.h; sourceTree = "<group>"; };
		38595DDD197CA88700AA0BF9 /* AlfaRomeoViewController.m */ = {isa = PBXFileReference; fileEncoding = 4; lastKnownFileType = sourcecode.c.objc; path = AlfaRomeoViewController.m; sourceTree = "<group>"; };
		38595DDF197CAE5800AA0BF9 /* ArashViewController.h */ = {isa = PBXFileReference; fileEncoding = 4; lastKnownFileType = sourcecode.c.h; path = ArashViewController.h; sourceTree = "<group>"; };
		38595DE0197CAE5800AA0BF9 /* ArashViewController.m */ = {isa = PBXFileReference; fileEncoding = 4; lastKnownFileType = sourcecode.c.objc; path = ArashViewController.m; sourceTree = "<group>"; };
		385C1401197B3F76003BBB09 /* Make.h */ = {isa = PBXFileReference; fileEncoding = 4; lastKnownFileType = sourcecode.c.h; path = Make.h; sourceTree = "<group>"; };
		385C1402197B3F76003BBB09 /* Make.m */ = {isa = PBXFileReference; fileEncoding = 4; lastKnownFileType = sourcecode.c.objc; path = Make.m; sourceTree = "<group>"; };
		385C1404197B3FDA003BBB09 /* MainStoryboard.storyboard */ = {isa = PBXFileReference; fileEncoding = 4; lastKnownFileType = file.storyboard; path = MainStoryboard.storyboard; sourceTree = "<group>"; };
		385C140D197B5299003BBB09 /* Model.m */ = {isa = PBXFileReference; fileEncoding = 4; lastKnownFileType = sourcecode.c.objc; path = Model.m; sourceTree = "<group>"; };
		385C1418197BBB3A003BBB09 /* AcuraViewController.h */ = {isa = PBXFileReference; fileEncoding = 4; lastKnownFileType = sourcecode.c.h; path = AcuraViewController.h; sourceTree = "<group>"; };
		385C1419197BBB3A003BBB09 /* AcuraViewController.m */ = {isa = PBXFileReference; fileEncoding = 4; lastKnownFileType = sourcecode.c.objc; path = AcuraViewController.m; sourceTree = "<group>"; };
		385C141B197BBC32003BBB09 /* DetailViewController.h */ = {isa = PBXFileReference; fileEncoding = 4; lastKnownFileType = sourcecode.c.h; path = DetailViewController.h; sourceTree = "<group>"; };
		385C141C197BBC32003BBB09 /* DetailViewController.m */ = {isa = PBXFileReference; fileEncoding = 4; lastKnownFileType = sourcecode.c.objc; path = DetailViewController.m; sourceTree = "<group>"; };
		386C8308197D433600F2C008 /* ArielViewController.h */ = {isa = PBXFileReference; fileEncoding = 4; lastKnownFileType = sourcecode.c.h; path = ArielViewController.h; sourceTree = "<group>"; };
		386C8309197D433600F2C008 /* ArielViewController.m */ = {isa = PBXFileReference; fileEncoding = 4; lastKnownFileType = sourcecode.c.objc; path = ArielViewController.m; sourceTree = "<group>"; };
		386C830B197D45E200F2C008 /* AstonMartinViewController.h */ = {isa = PBXFileReference; fileEncoding = 4; lastKnownFileType = sourcecode.c.h; path = AstonMartinViewController.h; sourceTree = "<group>"; };
		386C830C197D45E200F2C008 /* AstonMartinViewController.m */ = {isa = PBXFileReference; fileEncoding = 4; lastKnownFileType = sourcecode.c.objc; path = AstonMartinViewController.m; sourceTree = "<group>"; };
		386C8311197D497400F2C008 /* AudiViewController.h */ = {isa = PBXFileReference; fileEncoding = 4; lastKnownFileType = sourcecode.c.h; path = AudiViewController.h; sourceTree = "<group>"; };
		386C8312197D497400F2C008 /* AudiViewController.m */ = {isa = PBXFileReference; fileEncoding = 4; lastKnownFileType = sourcecode.c.objc; path = AudiViewController.m; sourceTree = "<group>"; };
		386C831D197D546100F2C008 /* BacViewController.h */ = {isa = PBXFileReference; fileEncoding = 4; lastKnownFileType = sourcecode.c.h; path = BacViewController.h; sourceTree = "<group>"; };
		386C831E197D546100F2C008 /* BacViewController.m */ = {isa = PBXFileReference; fileEncoding = 4; lastKnownFileType = sourcecode.c.objc; path = BacViewController.m; sourceTree = "<group>"; };
		387C25CA197DC194007B7BFA /* FiatViewController.h */ = {isa = PBXFileReference; fileEncoding = 4; lastKnownFileType = sourcecode.c.h; path = FiatViewController.h; sourceTree = "<group>"; };
		387C25CB197DC194007B7BFA /* FiatViewController.m */ = {isa = PBXFileReference; fileEncoding = 4; lastKnownFileType = sourcecode.c.objc; path = FiatViewController.m; sourceTree = "<group>"; };
		387C25CD197DC3F9007B7BFA /* FiskerViewController.h */ = {isa = PBXFileReference; fileEncoding = 4; lastKnownFileType = sourcecode.c.h; path = FiskerViewController.h; sourceTree = "<group>"; };
		387C25CE197DC3F9007B7BFA /* FiskerViewController.m */ = {isa = PBXFileReference; fileEncoding = 4; lastKnownFileType = sourcecode.c.objc; path = FiskerViewController.m; sourceTree = "<group>"; };
		387C25D0197DC5B1007B7BFA /* FordViewController.h */ = {isa = PBXFileReference; fileEncoding = 4; lastKnownFileType = sourcecode.c.h; path = FordViewController.h; sourceTree = "<group>"; };
		387C25D1197DC5B1007B7BFA /* FordViewController.m */ = {isa = PBXFileReference; fileEncoding = 4; lastKnownFileType = sourcecode.c.objc; path = FordViewController.m; sourceTree = "<group>"; };
		387C25D3197DCF85007B7BFA /* GMCViewController.h */ = {isa = PBXFileReference; fileEncoding = 4; lastKnownFileType = sourcecode.c.h; path = GMCViewController.h; sourceTree = "<group>"; };
		387C25D4197DCF85007B7BFA /* GMCViewController.m */ = {isa = PBXFileReference; fileEncoding = 4; lastKnownFileType = sourcecode.c.objc; path = GMCViewController.m; sourceTree = "<group>"; };
		387C25D6197DD0D9007B7BFA /* GumpertViewController.h */ = {isa = PBXFileReference; fileEncoding = 4; lastKnownFileType = sourcecode.c.h; path = GumpertViewController.h; sourceTree = "<group>"; };
		387C25D7197DD0D9007B7BFA /* GumpertViewController.m */ = {isa = PBXFileReference; fileEncoding = 4; lastKnownFileType = sourcecode.c.objc; path = GumpertViewController.m; sourceTree = "<group>"; };
		387C25D9197DD298007B7BFA /* HennesseyViewController.h */ = {isa = PBXFileReference; fileEncoding = 4; lastKnownFileType = sourcecode.c.h; path = HennesseyViewController.h; sourceTree = "<group>"; };
		387C25DA197DD298007B7BFA /* HennesseyViewController.m */ = {isa = PBXFileReference; fileEncoding = 4; lastKnownFileType = sourcecode.c.objc; path = HennesseyViewController.m; sourceTree = "<group>"; };
		387C25DC197DD40C007B7BFA /* HondaViewController.h */ = {isa = PBXFileReference; fileEncoding = 4; lastKnownFileType = sourcecode.c.h; path = HondaViewController.h; sourceTree = "<group>"; };
		387C25DD197DD40C007B7BFA /* HondaViewController.m */ = {isa = PBXFileReference; fileEncoding = 4; lastKnownFileType = sourcecode.c.objc; path = HondaViewController.m; sourceTree = "<group>"; };
		387C25DF197DDEDC007B7BFA /* HummerViewController.h */ = {isa = PBXFileReference; fileEncoding = 4; lastKnownFileType = sourcecode.c.h; path = HummerViewController.h; sourceTree = "<group>"; };
		387C25E0197DDEDC007B7BFA /* HummerViewController.m */ = {isa = PBXFileReference; fileEncoding = 4; lastKnownFileType = sourcecode.c.objc; path = HummerViewController.m; sourceTree = "<group>"; };
		387C25E2197DE12B007B7BFA /* HyundaiViewController.h */ = {isa = PBXFileReference; fileEncoding = 4; lastKnownFileType = sourcecode.c.h; path = HyundaiViewController.h; sourceTree = "<group>"; };
		387C25E3197DE12B007B7BFA /* HyundaiViewController.m */ = {isa = PBXFileReference; fileEncoding = 4; lastKnownFileType = sourcecode.c.objc; path = HyundaiViewController.m; sourceTree = "<group>"; };
		387C25E5197DE250007B7BFA /* InfinitiViewController.h */ = {isa = PBXFileReference; fileEncoding = 4; lastKnownFileType = sourcecode.c.h; path = InfinitiViewController.h; sourceTree = "<group>"; };
		387C25E6197DE250007B7BFA /* InfinitiViewController.m */ = {isa = PBXFileReference; fileEncoding = 4; lastKnownFileType = sourcecode.c.objc; path = InfinitiViewController.m; sourceTree = "<group>"; };
		387C25E8197DE30F007B7BFA /* JaguarViewController.h */ = {isa = PBXFileReference; fileEncoding = 4; lastKnownFileType = sourcecode.c.h; path = JaguarViewController.h; sourceTree = "<group>"; };
		387C25E9197DE30F007B7BFA /* JaguarViewController.m */ = {isa = PBXFileReference; fileEncoding = 4; lastKnownFileType = sourcecode.c.objc; path = JaguarViewController.m; sourceTree = "<group>"; };
		387C25EB197DE425007B7BFA /* JeepViewController.h */ = {isa = PBXFileReference; fileEncoding = 4; lastKnownFileType = sourcecode.c.h; path = JeepViewController.h; sourceTree = "<group>"; };
		387C25EC197DE425007B7BFA /* JeepViewController.m */ = {isa = PBXFileReference; fileEncoding = 4; lastKnownFileType = sourcecode.c.objc; path = JeepViewController.m; sourceTree = "<group>"; };
		387C25EE197DE560007B7BFA /* KiaViewController.h */ = {isa = PBXFileReference; fileEncoding = 4; lastKnownFileType = sourcecode.c.h; path = KiaViewController.h; sourceTree = "<group>"; };
		387C25EF197DE560007B7BFA /* KiaViewController.m */ = {isa = PBXFileReference; fileEncoding = 4; lastKnownFileType = sourcecode.c.objc; path = KiaViewController.m; sourceTree = "<group>"; };
		387C25F1197DE6B1007B7BFA /* KoenigseggViewController.h */ = {isa = PBXFileReference; fileEncoding = 4; lastKnownFileType = sourcecode.c.h; path = KoenigseggViewController.h; sourceTree = "<group>"; };
		387C25F2197DE6B1007B7BFA /* KoenigseggViewController.m */ = {isa = PBXFileReference; fileEncoding = 4; lastKnownFileType = sourcecode.c.objc; path = KoenigseggViewController.m; sourceTree = "<group>"; };
		387C25F4197DEC7B007B7BFA /* LamborghiniViewController.h */ = {isa = PBXFileReference; fileEncoding = 4; lastKnownFileType = sourcecode.c.h; path = LamborghiniViewController.h; sourceTree = "<group>"; };
		387C25F5197DEC7B007B7BFA /* LamborghiniViewController.m */ = {isa = PBXFileReference; fileEncoding = 4; lastKnownFileType = sourcecode.c.objc; path = LamborghiniViewController.m; sourceTree = "<group>"; };
		387C25F7197DEF1B007B7BFA /* LandRoverViewController.h */ = {isa = PBXFileReference; fileEncoding = 4; lastKnownFileType = sourcecode.c.h; path = LandRoverViewController.h; sourceTree = "<group>"; };
		387C25F8197DEF1B007B7BFA /* LandRoverViewController.m */ = {isa = PBXFileReference; fileEncoding = 4; lastKnownFileType = sourcecode.c.objc; path = LandRoverViewController.m; sourceTree = "<group>"; };
		387C25FA197DF155007B7BFA /* LexusViewController.h */ = {isa = PBXFileReference; fileEncoding = 4; lastKnownFileType = sourcecode.c.h; path = LexusViewController.h; sourceTree = "<group>"; };
		387C25FB197DF155007B7BFA /* LexusViewController.m */ = {isa = PBXFileReference; fileEncoding = 4; lastKnownFileType = sourcecode.c.objc; path = LexusViewController.m; sourceTree = "<group>"; };
		387C25FD197DF296007B7BFA /* LincolnViewController.h */ = {isa = PBXFileReference; fileEncoding = 4; lastKnownFileType = sourcecode.c.h; path = LincolnViewController.h; sourceTree = "<group>"; };
		387C25FE197DF296007B7BFA /* LincolnViewController.m */ = {isa = PBXFileReference; fileEncoding = 4; lastKnownFileType = sourcecode.c.objc; path = LincolnViewController.m; sourceTree = "<group>"; };
		387C2600197DF350007B7BFA /* LotusViewController.h */ = {isa = PBXFileReference; fileEncoding = 4; lastKnownFileType = sourcecode.c.h; path = LotusViewController.h; sourceTree = "<group>"; };
		387C2601197DF350007B7BFA /* LotusViewController.m */ = {isa = PBXFileReference; fileEncoding = 4; lastKnownFileType = sourcecode.c.objc; path = LotusViewController.m; sourceTree = "<group>"; };
		387C2603197DF424007B7BFA /* MaseratiViewController.h */ = {isa = PBXFileReference; fileEncoding = 4; lastKnownFileType = sourcecode.c.h; path = MaseratiViewController.h; sourceTree = "<group>"; };
		387C2604197DF424007B7BFA /* MaseratiViewController.m */ = {isa = PBXFileReference; fileEncoding = 4; lastKnownFileType = sourcecode.c.objc; path = MaseratiViewController.m; sourceTree = "<group>"; };
		387C2606197DF518007B7BFA /* MaybachViewController.h */ = {isa = PBXFileReference; fileEncoding = 4; lastKnownFileType = sourcecode.c.h; path = MaybachViewController.h; sourceTree = "<group>"; };
		387C2607197DF518007B7BFA /* MaybachViewController.m */ = {isa = PBXFileReference; fileEncoding = 4; lastKnownFileType = sourcecode.c.objc; path = MaybachViewController.m; sourceTree = "<group>"; };
		387C2609197DF638007B7BFA /* MazdaViewController.h */ = {isa = PBXFileReference; fileEncoding = 4; lastKnownFileType = sourcecode.c.h; path = MazdaViewController.h; sourceTree = "<group>"; };
		387C260A197DF638007B7BFA /* MazdaViewController.m */ = {isa = PBXFileReference; fileEncoding = 4; lastKnownFileType = sourcecode.c.objc; path = MazdaViewController.m; sourceTree = "<group>"; };
		387C260C197DF736007B7BFA /* McLarenViewController.h */ = {isa = PBXFileReference; fileEncoding = 4; lastKnownFileType = sourcecode.c.h; path = McLarenViewController.h; sourceTree = "<group>"; };
		387C260D197DF736007B7BFA /* McLarenViewController.m */ = {isa = PBXFileReference; fileEncoding = 4; lastKnownFileType = sourcecode.c.objc; path = McLarenViewController.m; sourceTree = "<group>"; };
		387C260F197DF8CF007B7BFA /* MercedesBenzViewController.h */ = {isa = PBXFileReference; fileEncoding = 4; lastKnownFileType = sourcecode.c.h; path = MercedesBenzViewController.h; sourceTree = "<group>"; };
		387C2610197DF8CF007B7BFA /* MercedesBenzViewController.m */ = {isa = PBXFileReference; fileEncoding = 4; lastKnownFileType = sourcecode.c.objc; path = MercedesBenzViewController.m; sourceTree = "<group>"; };
		387C2612197DF9E4007B7BFA /* MiniViewController.h */ = {isa = PBXFileReference; fileEncoding = 4; lastKnownFileType = sourcecode.c.h; path = MiniViewController.h; sourceTree = "<group>"; };
		387C2613197DF9E4007B7BFA /* MiniViewController.m */ = {isa = PBXFileReference; fileEncoding = 4; lastKnownFileType = sourcecode.c.objc; path = MiniViewController.m; sourceTree = "<group>"; };
		387C2615197DFFD2007B7BFA /* MitsubishiViewController.h */ = {isa = PBXFileReference; fileEncoding = 4; lastKnownFileType = sourcecode.c.h; path = MitsubishiViewController.h; sourceTree = "<group>"; };
		387C2616197DFFD2007B7BFA /* MitsubishiViewController.m */ = {isa = PBXFileReference; fileEncoding = 4; lastKnownFileType = sourcecode.c.objc; path = MitsubishiViewController.m; sourceTree = "<group>"; };
		387C2618197E0085007B7BFA /* NissanViewController.h */ = {isa = PBXFileReference; fileEncoding = 4; lastKnownFileType = sourcecode.c.h; path = NissanViewController.h; sourceTree = "<group>"; };
		387C2619197E0085007B7BFA /* NissanViewController.m */ = {isa = PBXFileReference; fileEncoding = 4; lastKnownFileType = sourcecode.c.objc; path = NissanViewController.m; sourceTree = "<group>"; };
		387C261B197E0179007B7BFA /* PaganiViewController.h */ = {isa = PBXFileReference; fileEncoding = 4; lastKnownFileType = sourcecode.c.h; path = PaganiViewController.h; sourceTree = "<group>"; };
		387C261C197E0179007B7BFA /* PaganiViewController.m */ = {isa = PBXFileReference; fileEncoding = 4; lastKnownFileType = sourcecode.c.objc; path = PaganiViewController.m; sourceTree = "<group>"; };
		387C261E197E032C007B7BFA /* PeugeotViewController.h */ = {isa = PBXFileReference; fileEncoding = 4; lastKnownFileType = sourcecode.c.h; path = PeugeotViewController.h; sourceTree = "<group>"; };
		387C261F197E032C007B7BFA /* PeugeotViewController.m */ = {isa = PBXFileReference; fileEncoding = 4; lastKnownFileType = sourcecode.c.objc; path = PeugeotViewController.m; sourceTree = "<group>"; };
		387C2621197E05CA007B7BFA /* PorscheViewController.h */ = {isa = PBXFileReference; fileEncoding = 4; lastKnownFileType = sourcecode.c.h; path = PorscheViewController.h; sourceTree = "<group>"; };
		387C2622197E05CA007B7BFA /* PorscheViewController.m */ = {isa = PBXFileReference; fileEncoding = 4; lastKnownFileType = sourcecode.c.objc; path = PorscheViewController.m; sourceTree = "<group>"; };
		387C2624197E0943007B7BFA /* RAMViewController.h */ = {isa = PBXFileReference; fileEncoding = 4; lastKnownFileType = sourcecode.c.h; path = RAMViewController.h; sourceTree = "<group>"; };
		387C2625197E0943007B7BFA /* RAMViewController.m */ = {isa = PBXFileReference; fileEncoding = 4; lastKnownFileType = sourcecode.c.objc; path = RAMViewController.m; sourceTree = "<group>"; };
		387C2627197E0AB8007B7BFA /* RenaultViewController.h */ = {isa = PBXFileReference; fileEncoding = 4; lastKnownFileType = sourcecode.c.h; path = RenaultViewController.h; sourceTree = "<group>"; };
		387C2628197E0AB8007B7BFA /* RenaultViewController.m */ = {isa = PBXFileReference; fileEncoding = 4; lastKnownFileType = sourcecode.c.objc; path = RenaultViewController.m; sourceTree = "<group>"; };
		387C262A197E0C20007B7BFA /* RollsRoyceViewController.h */ = {isa = PBXFileReference; fileEncoding = 4; lastKnownFileType = sourcecode.c.h; path = RollsRoyceViewController.h; sourceTree = "<group>"; };
		387C262B197E0C20007B7BFA /* RollsRoyceViewController.m */ = {isa = PBXFileReference; fileEncoding = 4; lastKnownFileType = sourcecode.c.objc; path = RollsRoyceViewController.m; sourceTree = "<group>"; };
		387C262D197E0D62007B7BFA /* ScionViewController.h */ = {isa = PBXFileReference; fileEncoding = 4; lastKnownFileType = sourcecode.c.h; path = ScionViewController.h; sourceTree = "<group>"; };
		387C262E197E0D62007B7BFA /* ScionViewController.m */ = {isa = PBXFileReference; fileEncoding = 4; lastKnownFileType = sourcecode.c.objc; path = ScionViewController.m; sourceTree = "<group>"; };
		387C2630197E0E54007B7BFA /* SpykerViewController.h */ = {isa = PBXFileReference; fileEncoding = 4; lastKnownFileType = sourcecode.c.h; path = SpykerViewController.h; sourceTree = "<group>"; };
		387C2631197E0E54007B7BFA /* SpykerViewController.m */ = {isa = PBXFileReference; fileEncoding = 4; lastKnownFileType = sourcecode.c.objc; path = SpykerViewController.m; sourceTree = "<group>"; };
		387C2633197E0F7D007B7BFA /* SRTViewController.h */ = {isa = PBXFileReference; fileEncoding = 4; lastKnownFileType = sourcecode.c.h; path = SRTViewController.h; sourceTree = "<group>"; };
		387C2634197E0F7D007B7BFA /* SRTViewController.m */ = {isa = PBXFileReference; fileEncoding = 4; lastKnownFileType = sourcecode.c.objc; path = SRTViewController.m; sourceTree = "<group>"; };
		387C2636197E10BB007B7BFA /* SSCViewController.h */ = {isa = PBXFileReference; fileEncoding = 4; lastKnownFileType = sourcecode.c.h; path = SSCViewController.h; sourceTree = "<group>"; };
		387C2637197E10BB007B7BFA /* SSCViewController.m */ = {isa = PBXFileReference; fileEncoding = 4; lastKnownFileType = sourcecode.c.objc; path = SSCViewController.m; sourceTree = "<group>"; };
		387C2639197E119C007B7BFA /* SubaruViewController.h */ = {isa = PBXFileReference; fileEncoding = 4; lastKnownFileType = sourcecode.c.h; path = SubaruViewController.h; sourceTree = "<group>"; };
		387C263A197E119C007B7BFA /* SubaruViewController.m */ = {isa = PBXFileReference; fileEncoding = 4; lastKnownFileType = sourcecode.c.objc; path = SubaruViewController.m; sourceTree = "<group>"; };
		387C263C197E12AE007B7BFA /* TeslaViewController.h */ = {isa = PBXFileReference; fileEncoding = 4; lastKnownFileType = sourcecode.c.h; path = TeslaViewController.h; sourceTree = "<group>"; };
		387C263D197E12AE007B7BFA /* TeslaViewController.m */ = {isa = PBXFileReference; fileEncoding = 4; lastKnownFileType = sourcecode.c.objc; path = TeslaViewController.m; sourceTree = "<group>"; };
		387C263F197E13A2007B7BFA /* ToyotaViewController.h */ = {isa = PBXFileReference; fileEncoding = 4; lastKnownFileType = sourcecode.c.h; path = ToyotaViewController.h; sourceTree = "<group>"; };
		387C2640197E13A2007B7BFA /* ToyotaViewController.m */ = {isa = PBXFileReference; fileEncoding = 4; lastKnownFileType = sourcecode.c.objc; path = ToyotaViewController.m; sourceTree = "<group>"; };
		387C2645197E15BF007B7BFA /* VolkswagenViewController.h */ = {isa = PBXFileReference; fileEncoding = 4; lastKnownFileType = sourcecode.c.h; path = VolkswagenViewController.h; sourceTree = "<group>"; };
		387C2646197E15BF007B7BFA /* VolkswagenViewController.m */ = {isa = PBXFileReference; fileEncoding = 4; lastKnownFileType = sourcecode.c.objc; path = VolkswagenViewController.m; sourceTree = "<group>"; };
		387C2648197E1784007B7BFA /* VolvoViewController.h */ = {isa = PBXFileReference; fileEncoding = 4; lastKnownFileType = sourcecode.c.h; path = VolvoViewController.h; sourceTree = "<group>"; };
		387C2649197E1784007B7BFA /* VolvoViewController.m */ = {isa = PBXFileReference; fileEncoding = 4; lastKnownFileType = sourcecode.c.objc; path = VolvoViewController.m; sourceTree = "<group>"; };
		3887F72A197D56D100C002BA /* BentleyViewController.h */ = {isa = PBXFileReference; fileEncoding = 4; lastKnownFileType = sourcecode.c.h; path = BentleyViewController.h; sourceTree = "<group>"; };
		3887F72B197D56D100C002BA /* BentleyViewController.m */ = {isa = PBXFileReference; fileEncoding = 4; lastKnownFileType = sourcecode.c.objc; path = BentleyViewController.m; sourceTree = "<group>"; };
		3887F72D197D587900C002BA /* BMWViewController.h */ = {isa = PBXFileReference; fileEncoding = 4; lastKnownFileType = sourcecode.c.h; path = BMWViewController.h; sourceTree = "<group>"; };
		3887F72E197D587900C002BA /* BMWViewController.m */ = {isa = PBXFileReference; fileEncoding = 4; lastKnownFileType = sourcecode.c.objc; path = BMWViewController.m; sourceTree = "<group>"; };
		38A09C1E197F62C700254457 /* CompareViewController.h */ = {isa = PBXFileReference; fileEncoding = 4; lastKnownFileType = sourcecode.c.h; path = CompareViewController.h; sourceTree = "<group>"; };
		38A09C1F197F62C700254457 /* CompareViewController.m */ = {isa = PBXFileReference; fileEncoding = 4; lastKnownFileType = sourcecode.c.objc; path = CompareViewController.m; sourceTree = "<group>"; };
		38CCEA81198432C300A157EA /* MessageUI.framework */ = {isa = PBXFileReference; lastKnownFileType = wrapper.framework; name = MessageUI.framework; path = System/Library/Frameworks/MessageUI.framework; sourceTree = SDKROOT; };
		38CCEA831984356600A157EA /* DisputeInfoViewController.h */ = {isa = PBXFileReference; fileEncoding = 4; lastKnownFileType = sourcecode.c.h; path = DisputeInfoViewController.h; sourceTree = "<group>"; };
		38CCEA841984356600A157EA /* DisputeInfoViewController.m */ = {isa = PBXFileReference; fileEncoding = 4; lastKnownFileType = sourcecode.c.objc; path = DisputeInfoViewController.m; sourceTree = "<group>"; };
		38CCEA8619843FF000A157EA /* TopTensViewController2.h */ = {isa = PBXFileReference; fileEncoding = 4; lastKnownFileType = sourcecode.c.h; path = TopTensViewController2.h; sourceTree = "<group>"; };
		38CCEA8719843FF000A157EA /* TopTensViewController2.m */ = {isa = PBXFileReference; fileEncoding = 4; lastKnownFileType = sourcecode.c.objc; path = TopTensViewController2.m; sourceTree = "<group>"; };
		38CCEA8B19844AB900A157EA /* DisputeInfoViewController2.h */ = {isa = PBXFileReference; fileEncoding = 4; lastKnownFileType = sourcecode.c.h; path = DisputeInfoViewController2.h; sourceTree = "<group>"; };
		38CCEA8C19844AB900A157EA /* DisputeInfoViewController2.m */ = {isa = PBXFileReference; fileEncoding = 4; lastKnownFileType = sourcecode.c.objc; path = DisputeInfoViewController2.m; sourceTree = "<group>"; };
		38F2BB9B19847BE100485D9E /* Metal Background.jpg */ = {isa = PBXFileReference; lastKnownFileType = image.jpeg; name = "Metal Background.jpg"; path = "../../Metal Background.jpg"; sourceTree = "<group>"; };
		38F2BB9D1984834600485D9E /* horse_PNG2553.png */ = {isa = PBXFileReference; lastKnownFileType = image.png; name = horse_PNG2553.png; path = "../../top tens images/horse_PNG2553.png"; sourceTree = "<group>"; };
		38F2BB9E1984834600485D9E /* moneystack.png */ = {isa = PBXFileReference; lastKnownFileType = image.png; name = moneystack.png; path = "../../top tens images/moneystack.png"; sourceTree = "<group>"; };
		38F2BB9F1984834600485D9E /* racing-christmas-tree-hi.png */ = {isa = PBXFileReference; lastKnownFileType = image.png; name = "racing-christmas-tree-hi.png"; path = "../../top tens images/racing-christmas-tree-hi.png"; sourceTree = "<group>"; };
		38F2BBA01984834600485D9E /* RcA6RKnAi.png */ = {isa = PBXFileReference; lastKnownFileType = image.png; name = RcA6RKnAi.png; path = "../../top tens images/RcA6RKnAi.png"; sourceTree = "<group>"; };
		38F2BBA11984834600485D9E /* Sickly_Speedometer.png */ = {isa = PBXFileReference; lastKnownFileType = image.png; name = Sickly_Speedometer.png; path = "../../top tens images/Sickly_Speedometer.png"; sourceTree = "<group>"; };
		38F2BBA21984834600485D9E /* Sport-Activities-Stopwatch-icon.png */ = {isa = PBXFileReference; lastKnownFileType = image.png; name = "Sport-Activities-Stopwatch-icon.png"; path = "../../top tens images/Sport-Activities-Stopwatch-icon.png"; sourceTree = "<group>"; };
		38F2BBA91984841200485D9E /* dollarsign.png */ = {isa = PBXFileReference; lastKnownFileType = image.png; name = dollarsign.png; path = "../../untitled folder/dollarsign.png"; sourceTree = "<group>"; };
		38F2BBAA1984841200485D9E /* Drive Type Icon.png */ = {isa = PBXFileReference; lastKnownFileType = image.png; name = "Drive Type Icon.png"; path = "../../untitled folder/Drive Type Icon.png"; sourceTree = "<group>"; };
		38F2BBAB1984841200485D9E /* Engine Icon.png */ = {isa = PBXFileReference; lastKnownFileType = image.png; name = "Engine Icon.png"; path = "../../untitled folder/Engine Icon.png"; sourceTree = "<group>"; };
		38F2BBAC1984841200485D9E /* fuel pump icon.png */ = {isa = PBXFileReference; lastKnownFileType = image.png; name = "fuel pump icon.png"; path = "../../untitled folder/fuel pump icon.png"; sourceTree = "<group>"; };
		38F2BBAD1984841200485D9E /* Horsepower Icon.png */ = {isa = PBXFileReference; lastKnownFileType = image.png; name = "Horsepower Icon.png"; path = "../../untitled folder/Horsepower Icon.png"; sourceTree = "<group>"; };
		38F2BBAE1984841200485D9E /* stopwatch icon.png */ = {isa = PBXFileReference; lastKnownFileType = image.png; name = "stopwatch icon.png"; path = "../../untitled folder/stopwatch icon.png"; sourceTree = "<group>"; };
		38F2BBAF1984841200485D9E /* tachometer-md.png */ = {isa = PBXFileReference; lastKnownFileType = image.png; name = "tachometer-md.png"; path = "../../untitled folder/tachometer-md.png"; sourceTree = "<group>"; };
		38F2BBB01984841200485D9E /* Transmission Icon.png */ = {isa = PBXFileReference; lastKnownFileType = image.png; name = "Transmission Icon.png"; path = "../../untitled folder/Transmission Icon.png"; sourceTree = "<group>"; };
		38F2BBB11984841200485D9E /* weight Icon.png */ = {isa = PBXFileReference; lastKnownFileType = image.png; name = "weight Icon.png"; path = "../../untitled folder/weight Icon.png"; sourceTree = "<group>"; };
		38F2BBB21984841200485D9E /* Years Made Icon.png */ = {isa = PBXFileReference; lastKnownFileType = image.png; name = "Years Made Icon.png"; path = "../../untitled folder/Years Made Icon.png"; sourceTree = "<group>"; };
		AA5546871979F2CD00E7CF12 /* Carhub.app */ = {isa = PBXFileReference; explicitFileType = wrapper.application; includeInIndex = 0; path = Carhub.app; sourceTree = BUILT_PRODUCTS_DIR; };
		AA55468A1979F2CD00E7CF12 /* Foundation.framework */ = {isa = PBXFileReference; lastKnownFileType = wrapper.framework; name = Foundation.framework; path = System/Library/Frameworks/Foundation.framework; sourceTree = SDKROOT; };
		AA55468C1979F2CD00E7CF12 /* CoreGraphics.framework */ = {isa = PBXFileReference; lastKnownFileType = wrapper.framework; name = CoreGraphics.framework; path = System/Library/Frameworks/CoreGraphics.framework; sourceTree = SDKROOT; };
		AA55468E1979F2CD00E7CF12 /* UIKit.framework */ = {isa = PBXFileReference; lastKnownFileType = wrapper.framework; name = UIKit.framework; path = System/Library/Frameworks/UIKit.framework; sourceTree = SDKROOT; };
		AA5546921979F2CE00E7CF12 /* Carhub-Info.plist */ = {isa = PBXFileReference; lastKnownFileType = text.plist.xml; path = "Carhub-Info.plist"; sourceTree = "<group>"; };
		AA5546941979F2CE00E7CF12 /* en */ = {isa = PBXFileReference; lastKnownFileType = text.plist.strings; name = en; path = en.lproj/InfoPlist.strings; sourceTree = "<group>"; };
		AA5546961979F2CE00E7CF12 /* main.m */ = {isa = PBXFileReference; lastKnownFileType = sourcecode.c.objc; path = main.m; sourceTree = "<group>"; };
		AA5546981979F2CE00E7CF12 /* Carhub-Prefix.pch */ = {isa = PBXFileReference; lastKnownFileType = sourcecode.c.h; path = "Carhub-Prefix.pch"; sourceTree = "<group>"; };
		AA5546991979F2CE00E7CF12 /* AppDelegate.h */ = {isa = PBXFileReference; lastKnownFileType = sourcecode.c.h; path = AppDelegate.h; sourceTree = "<group>"; };
		AA55469A1979F2CE00E7CF12 /* AppDelegate.m */ = {isa = PBXFileReference; lastKnownFileType = sourcecode.c.objc; path = AppDelegate.m; sourceTree = "<group>"; };
		AA5546A21979F2CE00E7CF12 /* Images.xcassets */ = {isa = PBXFileReference; lastKnownFileType = folder.assetcatalog; path = Images.xcassets; sourceTree = "<group>"; };
		AA5546A81979F2CE00E7CF12 /* CarhubTests.xctest */ = {isa = PBXFileReference; explicitFileType = wrapper.cfbundle; includeInIndex = 0; path = CarhubTests.xctest; sourceTree = BUILT_PRODUCTS_DIR; };
		AA5546A91979F2CE00E7CF12 /* XCTest.framework */ = {isa = PBXFileReference; lastKnownFileType = wrapper.framework; name = XCTest.framework; path = Library/Frameworks/XCTest.framework; sourceTree = DEVELOPER_DIR; };
		AA5546B11979F2CE00E7CF12 /* CarhubTests-Info.plist */ = {isa = PBXFileReference; lastKnownFileType = text.plist.xml; path = "CarhubTests-Info.plist"; sourceTree = "<group>"; };
		AA5546B31979F2CE00E7CF12 /* en */ = {isa = PBXFileReference; lastKnownFileType = text.plist.strings; name = en; path = en.lproj/InfoPlist.strings; sourceTree = "<group>"; };
		AA5546B51979F2CE00E7CF12 /* CarhubTests.m */ = {isa = PBXFileReference; lastKnownFileType = sourcecode.c.objc; path = CarhubTests.m; sourceTree = "<group>"; };
		AA8D9E551980A75600AAB3E2 /* iAd.framework */ = {isa = PBXFileReference; lastKnownFileType = wrapper.framework; name = iAd.framework; path = System/Library/Frameworks/iAd.framework; sourceTree = SDKROOT; };
		AA8D9E5A1980B3AE00AAB3E2 /* TopTensViewController.h */ = {isa = PBXFileReference; fileEncoding = 4; lastKnownFileType = sourcecode.c.h; path = TopTensViewController.h; sourceTree = "<group>"; };
		AA8D9E5B1980B3AE00AAB3E2 /* TopTensViewController.m */ = {isa = PBXFileReference; fileEncoding = 4; lastKnownFileType = sourcecode.c.objc; path = TopTensViewController.m; sourceTree = "<group>"; };
		AAB744E1198318BF00A8545A /* MainStoryboard4.storyboard */ = {isa = PBXFileReference; fileEncoding = 4; lastKnownFileType = file.storyboard; path = MainStoryboard4.storyboard; sourceTree = "<group>"; };
		AAB9448B1984797800E60C64 /* Metal Background.jpg */ = {isa = PBXFileReference; lastKnownFileType = image.jpeg; name = "Metal Background.jpg"; path = "../../../../../Users/Ethan/Desktop/Carhub Material/Metal Background.jpg"; sourceTree = "<group>"; };
		AAB9448D1984834400E60C64 /* 0-60 Icon.png */ = {isa = PBXFileReference; lastKnownFileType = image.png; name = "0-60 Icon.png"; path = "../../../../../Users/Ethan/Desktop/Carhub Material/Spec Icons/0-60 Icon.png"; sourceTree = "<group>"; };
		AAB9448E1984834400E60C64 /* dollarsign.png */ = {isa = PBXFileReference; lastKnownFileType = image.png; name = dollarsign.png; path = "../../../../../Users/Ethan/Desktop/Carhub Material/Spec Icons/dollarsign.png"; sourceTree = "<group>"; };
		AAB9448F1984834400E60C64 /* Drive Type Icon.png */ = {isa = PBXFileReference; lastKnownFileType = image.png; name = "Drive Type Icon.png"; path = "../../../../../Users/Ethan/Desktop/Carhub Material/Spec Icons/Drive Type Icon.png"; sourceTree = "<group>"; };
		AAB944901984834400E60C64 /* Engine Icon.png */ = {isa = PBXFileReference; lastKnownFileType = image.png; name = "Engine Icon.png"; path = "../../../../../Users/Ethan/Desktop/Carhub Material/Spec Icons/Engine Icon.png"; sourceTree = "<group>"; };
		AAB944911984834400E60C64 /* fuel pump icon.png */ = {isa = PBXFileReference; lastKnownFileType = image.png; name = "fuel pump icon.png"; path = "../../../../../Users/Ethan/Desktop/Carhub Material/Spec Icons/fuel pump icon.png"; sourceTree = "<group>"; };
		AAB944921984834400E60C64 /* Horsepower Icon.png */ = {isa = PBXFileReference; lastKnownFileType = image.png; name = "Horsepower Icon.png"; path = "../../../../../Users/Ethan/Desktop/Carhub Material/Spec Icons/Horsepower Icon.png"; sourceTree = "<group>"; };
		AAB944931984834400E60C64 /* Price Icon.jpg */ = {isa = PBXFileReference; lastKnownFileType = image.jpeg; name = "Price Icon.jpg"; path = "../../../../../Users/Ethan/Desktop/Carhub Material/Spec Icons/Price Icon.jpg"; sourceTree = "<group>"; };
		AAB944941984834400E60C64 /* price icon.png */ = {isa = PBXFileReference; lastKnownFileType = image.png; name = "price icon.png"; path = "../../../../../Users/Ethan/Desktop/Carhub Material/Spec Icons/price icon.png"; sourceTree = "<group>"; };
		AAB944951984834400E60C64 /* stopwatch icon.png */ = {isa = PBXFileReference; lastKnownFileType = image.png; name = "stopwatch icon.png"; path = "../../../../../Users/Ethan/Desktop/Carhub Material/Spec Icons/stopwatch icon.png"; sourceTree = "<group>"; };
		AAB944961984834400E60C64 /* tachometer-md.png */ = {isa = PBXFileReference; lastKnownFileType = image.png; name = "tachometer-md.png"; path = "../../../../../Users/Ethan/Desktop/Carhub Material/Spec Icons/tachometer-md.png"; sourceTree = "<group>"; };
		AAB944971984834400E60C64 /* Top Speed icon.png */ = {isa = PBXFileReference; lastKnownFileType = image.png; name = "Top Speed icon.png"; path = "../../../../../Users/Ethan/Desktop/Carhub Material/Spec Icons/Top Speed icon.png"; sourceTree = "<group>"; };
		AAB944981984834400E60C64 /* Transmission Icon.png */ = {isa = PBXFileReference; lastKnownFileType = image.png; name = "Transmission Icon.png"; path = "../../../../../Users/Ethan/Desktop/Carhub Material/Spec Icons/Transmission Icon.png"; sourceTree = "<group>"; };
		AAB944991984834400E60C64 /* weight Icon.png */ = {isa = PBXFileReference; lastKnownFileType = image.png; name = "weight Icon.png"; path = "../../../../../Users/Ethan/Desktop/Carhub Material/Spec Icons/weight Icon.png"; sourceTree = "<group>"; };
		AAB9449A1984834400E60C64 /* Years Made Icon.png */ = {isa = PBXFileReference; lastKnownFileType = image.png; name = "Years Made Icon.png"; path = "../../../../../Users/Ethan/Desktop/Carhub Material/Spec Icons/Years Made Icon.png"; sourceTree = "<group>"; };
/* End PBXFileReference section */

/* Begin PBXFrameworksBuildPhase section */
		AA5546841979F2CD00E7CF12 /* Frameworks */ = {
			isa = PBXFrameworksBuildPhase;
			buildActionMask = 2147483647;
			files = (
				38CCEA82198432C300A157EA /* MessageUI.framework in Frameworks */,
				AA8D9E561980A75600AAB3E2 /* iAd.framework in Frameworks */,
				AA55468D1979F2CD00E7CF12 /* CoreGraphics.framework in Frameworks */,
				AA55468F1979F2CD00E7CF12 /* UIKit.framework in Frameworks */,
				AA55468B1979F2CD00E7CF12 /* Foundation.framework in Frameworks */,
			);
			runOnlyForDeploymentPostprocessing = 0;
		};
		AA5546A51979F2CE00E7CF12 /* Frameworks */ = {
			isa = PBXFrameworksBuildPhase;
			buildActionMask = 2147483647;
			files = (
				AA5546AA1979F2CE00E7CF12 /* XCTest.framework in Frameworks */,
				AA5546AC1979F2CE00E7CF12 /* UIKit.framework in Frameworks */,
				AA5546AB1979F2CE00E7CF12 /* Foundation.framework in Frameworks */,
			);
			runOnlyForDeploymentPostprocessing = 0;
		};
/* End PBXFrameworksBuildPhase section */

/* Begin PBXGroup section */
		AA55467E1979F2CD00E7CF12 = {
			isa = PBXGroup;
			children = (
				AA5546901979F2CE00E7CF12 /* Carhub */,
				AA5546AF1979F2CE00E7CF12 /* CarhubTests */,
				AA5546891979F2CD00E7CF12 /* Frameworks */,
				AA5546881979F2CD00E7CF12 /* Products */,
			);
			sourceTree = "<group>";
		};
		AA5546881979F2CD00E7CF12 /* Products */ = {
			isa = PBXGroup;
			children = (
				AA5546871979F2CD00E7CF12 /* Carhub.app */,
				AA5546A81979F2CE00E7CF12 /* CarhubTests.xctest */,
			);
			name = Products;
			sourceTree = "<group>";
		};
		AA5546891979F2CD00E7CF12 /* Frameworks */ = {
			isa = PBXGroup;
			children = (
				38CCEA81198432C300A157EA /* MessageUI.framework */,
				AA8D9E551980A75600AAB3E2 /* iAd.framework */,
				AA55468A1979F2CD00E7CF12 /* Foundation.framework */,
				AA55468C1979F2CD00E7CF12 /* CoreGraphics.framework */,
				AA55468E1979F2CD00E7CF12 /* UIKit.framework */,
				AA5546A91979F2CE00E7CF12 /* XCTest.framework */,
			);
			name = Frameworks;
			sourceTree = "<group>";
		};
		AA5546901979F2CE00E7CF12 /* Carhub */ = {
			isa = PBXGroup;
			children = (
				AA5546991979F2CE00E7CF12 /* AppDelegate.h */,
				AA55469A1979F2CE00E7CF12 /* AppDelegate.m */,
				AA5546A21979F2CE00E7CF12 /* Images.xcassets */,
				AA5546911979F2CE00E7CF12 /* Supporting Files */,
				385C1404197B3FDA003BBB09 /* MainStoryboard.storyboard */,
				AAB744E1198318BF00A8545A /* MainStoryboard4.storyboard */,
				38595DA1197C710300AA0BF9 /* MakesViewController.h */,
				38595DA2197C710300AA0BF9 /* MakesViewController.m */,
				383F2EFD19835CAA001A9E92 /* MakesViewController2.h */,
				383F2EFE19835CAA001A9E92 /* MakesViewController2.m */,
				385C1401197B3F76003BBB09 /* Make.h */,
				385C1402197B3F76003BBB09 /* Make.m */,
				385C140D197B5299003BBB09 /* Model.m */,
				AA8D9E5A1980B3AE00AAB3E2 /* TopTensViewController.h */,
				AA8D9E5B1980B3AE00AAB3E2 /* TopTensViewController.m */,
				38CCEA8619843FF000A157EA /* TopTensViewController2.h */,
				38CCEA8719843FF000A157EA /* TopTensViewController2.m */,
				385C141B197BBC32003BBB09 /* DetailViewController.h */,
				385C141C197BBC32003BBB09 /* DetailViewController.m */,
				383F2F001983618C001A9E92 /* DetailViewController2.h */,
				383F2F011983618C001A9E92 /* DetailViewController2.m */,
				38A09C1E197F62C700254457 /* CompareViewController.h */,
				38A09C1F197F62C700254457 /* CompareViewController.m */,
				383F2F0319836923001A9E92 /* CompareViewController2.h */,
				383F2F0419836923001A9E92 /* CompareViewController2.m */,
				38CCEA831984356600A157EA /* DisputeInfoViewController.h */,
				38CCEA841984356600A157EA /* DisputeInfoViewController.m */,
				38CCEA8B19844AB900A157EA /* DisputeInfoViewController2.h */,
				38CCEA8C19844AB900A157EA /* DisputeInfoViewController2.m */,
				38595D9B197C4D4200AA0BF9 /* CarViewCell.h */,
				38595D9C197C4D4200AA0BF9 /* CarViewCell.m */,
				38595DA4197C73A700AA0BF9 /* BackgroundLayer.h */,
				38595DA5197C73A700AA0BF9 /* BackgroundLayer.m */,
				385C1418197BBB3A003BBB09 /* AcuraViewController.h */,
				385C1419197BBB3A003BBB09 /* AcuraViewController.m */,
				38595DDC197CA88700AA0BF9 /* AlfaRomeoViewController.h */,
				38595DDD197CA88700AA0BF9 /* AlfaRomeoViewController.m */,
				38595DDF197CAE5800AA0BF9 /* ArashViewController.h */,
				38595DE0197CAE5800AA0BF9 /* ArashViewController.m */,
				386C8308197D433600F2C008 /* ArielViewController.h */,
				386C8309197D433600F2C008 /* ArielViewController.m */,
				386C830B197D45E200F2C008 /* AstonMartinViewController.h */,
				386C830C197D45E200F2C008 /* AstonMartinViewController.m */,
				386C8311197D497400F2C008 /* AudiViewController.h */,
				386C8312197D497400F2C008 /* AudiViewController.m */,
				386C831D197D546100F2C008 /* BacViewController.h */,
				386C831E197D546100F2C008 /* BacViewController.m */,
				3887F72A197D56D100C002BA /* BentleyViewController.h */,
				3887F72B197D56D100C002BA /* BentleyViewController.m */,
				3887F72D197D587900C002BA /* BMWViewController.h */,
				3887F72E197D587900C002BA /* BMWViewController.m */,
				38327B4D197D5B4A00072A31 /* BugattiViewController.h */,
				38327B4E197D5B4A00072A31 /* BugattiViewController.m */,
				38327B50197D5E0C00072A31 /* BuickViewController.h */,
				38327B51197D5E0C00072A31 /* BuickViewController.m */,
				38327B53197D5F4400072A31 /* CadillacViewController.h */,
				38327B54197D5F4400072A31 /* CadillacViewController.m */,
				38327B56197D60DA00072A31 /* CaparoViewController.h */,
				38327B57197D60DA00072A31 /* CaparoViewController.m */,
				38327B59197D625300072A31 /* CaterhamViewController.h */,
				38327B5A197D625300072A31 /* CaterhamViewController.m */,
				38327B5C197D636300072A31 /* ChevroletViewController.h */,
				38327B5D197D636300072A31 /* ChevroletViewController.m */,
				38327B5F197D64B800072A31 /* ChryslerViewController.h */,
				38327B60197D64B800072A31 /* ChryslerViewController.m */,
				38327B62197D668200072A31 /* CitroenViewController.h */,
				38327B63197D668200072A31 /* CitroenViewController.m */,
				38327B65197D67BF00072A31 /* CorvetteViewController.h */,
				38327B66197D67BF00072A31 /* CorvetteViewController.m */,
				38327B68197D696E00072A31 /* DaciaViewController.h */,
				38327B69197D696E00072A31 /* DaciaViewController.m */,
				38327B6B197D6BAB00072A31 /* DeLoreanViewController.h */,
				38327B6C197D6BAB00072A31 /* DeLoreanViewController.m */,
				38327B6E197D6CED00072A31 /* DodgeViewController.h */,
				38327B6F197D6CED00072A31 /* DodgeViewController.m */,
				38327B71197D6FB400072A31 /* FerrariViewController.h */,
				38327B72197D6FB400072A31 /* FerrariViewController.m */,
				387C25CA197DC194007B7BFA /* FiatViewController.h */,
				387C25CB197DC194007B7BFA /* FiatViewController.m */,
				387C25CD197DC3F9007B7BFA /* FiskerViewController.h */,
				387C25CE197DC3F9007B7BFA /* FiskerViewController.m */,
				387C25D0197DC5B1007B7BFA /* FordViewController.h */,
				387C25D1197DC5B1007B7BFA /* FordViewController.m */,
				387C25D3197DCF85007B7BFA /* GMCViewController.h */,
				387C25D4197DCF85007B7BFA /* GMCViewController.m */,
				387C25D6197DD0D9007B7BFA /* GumpertViewController.h */,
				387C25D7197DD0D9007B7BFA /* GumpertViewController.m */,
				387C25D9197DD298007B7BFA /* HennesseyViewController.h */,
				387C25DA197DD298007B7BFA /* HennesseyViewController.m */,
				387C25DC197DD40C007B7BFA /* HondaViewController.h */,
				387C25DD197DD40C007B7BFA /* HondaViewController.m */,
				387C25DF197DDEDC007B7BFA /* HummerViewController.h */,
				387C25E0197DDEDC007B7BFA /* HummerViewController.m */,
				387C25E2197DE12B007B7BFA /* HyundaiViewController.h */,
				387C25E3197DE12B007B7BFA /* HyundaiViewController.m */,
				387C25E5197DE250007B7BFA /* InfinitiViewController.h */,
				387C25E6197DE250007B7BFA /* InfinitiViewController.m */,
				387C25E8197DE30F007B7BFA /* JaguarViewController.h */,
				387C25E9197DE30F007B7BFA /* JaguarViewController.m */,
				387C25EB197DE425007B7BFA /* JeepViewController.h */,
				387C25EC197DE425007B7BFA /* JeepViewController.m */,
				387C25EE197DE560007B7BFA /* KiaViewController.h */,
				387C25EF197DE560007B7BFA /* KiaViewController.m */,
				387C25F1197DE6B1007B7BFA /* KoenigseggViewController.h */,
				387C25F2197DE6B1007B7BFA /* KoenigseggViewController.m */,
				387C25F4197DEC7B007B7BFA /* LamborghiniViewController.h */,
				387C25F5197DEC7B007B7BFA /* LamborghiniViewController.m */,
				387C25F7197DEF1B007B7BFA /* LandRoverViewController.h */,
				387C25F8197DEF1B007B7BFA /* LandRoverViewController.m */,
				387C25FA197DF155007B7BFA /* LexusViewController.h */,
				387C25FB197DF155007B7BFA /* LexusViewController.m */,
				387C25FD197DF296007B7BFA /* LincolnViewController.h */,
				387C25FE197DF296007B7BFA /* LincolnViewController.m */,
				387C2600197DF350007B7BFA /* LotusViewController.h */,
				387C2601197DF350007B7BFA /* LotusViewController.m */,
				387C2603197DF424007B7BFA /* MaseratiViewController.h */,
				387C2604197DF424007B7BFA /* MaseratiViewController.m */,
				387C2606197DF518007B7BFA /* MaybachViewController.h */,
				387C2607197DF518007B7BFA /* MaybachViewController.m */,
				387C2609197DF638007B7BFA /* MazdaViewController.h */,
				387C260A197DF638007B7BFA /* MazdaViewController.m */,
				387C260C197DF736007B7BFA /* McLarenViewController.h */,
				387C260D197DF736007B7BFA /* McLarenViewController.m */,
				387C260F197DF8CF007B7BFA /* MercedesBenzViewController.h */,
				387C2610197DF8CF007B7BFA /* MercedesBenzViewController.m */,
				387C2612197DF9E4007B7BFA /* MiniViewController.h */,
				387C2613197DF9E4007B7BFA /* MiniViewController.m */,
				387C2615197DFFD2007B7BFA /* MitsubishiViewController.h */,
				387C2616197DFFD2007B7BFA /* MitsubishiViewController.m */,
				387C2618197E0085007B7BFA /* NissanViewController.h */,
				387C2619197E0085007B7BFA /* NissanViewController.m */,
				387C261B197E0179007B7BFA /* PaganiViewController.h */,
				387C261C197E0179007B7BFA /* PaganiViewController.m */,
				387C261E197E032C007B7BFA /* PeugeotViewController.h */,
				387C261F197E032C007B7BFA /* PeugeotViewController.m */,
				387C2621197E05CA007B7BFA /* PorscheViewController.h */,
				387C2622197E05CA007B7BFA /* PorscheViewController.m */,
				387C2624197E0943007B7BFA /* RAMViewController.h */,
				387C2625197E0943007B7BFA /* RAMViewController.m */,
				387C2627197E0AB8007B7BFA /* RenaultViewController.h */,
				387C2628197E0AB8007B7BFA /* RenaultViewController.m */,
				387C262A197E0C20007B7BFA /* RollsRoyceViewController.h */,
				387C262B197E0C20007B7BFA /* RollsRoyceViewController.m */,
				387C262D197E0D62007B7BFA /* ScionViewController.h */,
				387C262E197E0D62007B7BFA /* ScionViewController.m */,
				387C2630197E0E54007B7BFA /* SpykerViewController.h */,
				387C2631197E0E54007B7BFA /* SpykerViewController.m */,
				387C2633197E0F7D007B7BFA /* SRTViewController.h */,
				387C2634197E0F7D007B7BFA /* SRTViewController.m */,
				387C2636197E10BB007B7BFA /* SSCViewController.h */,
				387C2637197E10BB007B7BFA /* SSCViewController.m */,
				387C2639197E119C007B7BFA /* SubaruViewController.h */,
				387C263A197E119C007B7BFA /* SubaruViewController.m */,
				387C263C197E12AE007B7BFA /* TeslaViewController.h */,
				387C263D197E12AE007B7BFA /* TeslaViewController.m */,
				387C263F197E13A2007B7BFA /* ToyotaViewController.h */,
				387C2640197E13A2007B7BFA /* ToyotaViewController.m */,
				387C2645197E15BF007B7BFA /* VolkswagenViewController.h */,
				387C2646197E15BF007B7BFA /* VolkswagenViewController.m */,
				387C2648197E1784007B7BFA /* VolvoViewController.h */,
				387C2649197E1784007B7BFA /* VolvoViewController.m */,
				381DB9BD1980D41700CB6AAB /* ZenvoViewController.h */,
				381DB9BE1980D41700CB6AAB /* ZenvoViewController.m */,
			);
			path = Carhub;
			sourceTree = "<group>";
		};
		AA5546911979F2CE00E7CF12 /* Supporting Files */ = {
			isa = PBXGroup;
			children = (
				AAB9448D1984834400E60C64 /* 0-60 Icon.png */,
				AAB9448E1984834400E60C64 /* dollarsign.png */,
				AAB9448F1984834400E60C64 /* Drive Type Icon.png */,
				AAB944901984834400E60C64 /* Engine Icon.png */,
				AAB944911984834400E60C64 /* fuel pump icon.png */,
				AAB944921984834400E60C64 /* Horsepower Icon.png */,
				AAB944931984834400E60C64 /* Price Icon.jpg */,
				AAB944941984834400E60C64 /* price icon.png */,
				AAB944951984834400E60C64 /* stopwatch icon.png */,
				AAB944961984834400E60C64 /* tachometer-md.png */,
				AAB944971984834400E60C64 /* Top Speed icon.png */,
				AAB944981984834400E60C64 /* Transmission Icon.png */,
				AAB944991984834400E60C64 /* weight Icon.png */,
				AAB9449A1984834400E60C64 /* Years Made Icon.png */,
				AAB9448B1984797800E60C64 /* Metal Background.jpg */,
				AAB744D11983042300A8545A /* Nurburgring.png */,
				AAB744C3198303AD00A8545A /* horse_PNG2553.png */,
				AAB744C4198303AD00A8545A /* moneystack.png */,
				AAB744C6198303AD00A8545A /* racing-christmas-tree-hi.png */,
				AAB744C7198303AD00A8545A /* RcA6RKnAi.png */,
				AAB744C8198303AD00A8545A /* Sickly_Speedometer.png */,
				AAB744C9198303AD00A8545A /* Sport-Activities-Stopwatch-icon.png */,
				AAB744C1198300B400A8545A /* tachometer-md.png */,
				AA90C2921981E0EA00CB3B5C /* weight Icon.png */,
				AA90C2901981E0D600CB3B5C /* dollarsign.png */,
				AA5546921979F2CE00E7CF12 /* Carhub-Info.plist */,
				AA5546931979F2CE00E7CF12 /* InfoPlist.strings */,
				AA5546961979F2CE00E7CF12 /* main.m */,
				AA5546981979F2CE00E7CF12 /* Carhub-Prefix.pch */,
			);
			name = "Supporting Files";
			sourceTree = "<group>";
		};
		AA5546AF1979F2CE00E7CF12 /* CarhubTests */ = {
			isa = PBXGroup;
			children = (
				AA5546B51979F2CE00E7CF12 /* CarhubTests.m */,
				AA5546B01979F2CE00E7CF12 /* Supporting Files */,
			);
			path = CarhubTests;
			sourceTree = "<group>";
		};
		AA5546B01979F2CE00E7CF12 /* Supporting Files */ = {
			isa = PBXGroup;
			children = (
				AA5546B11979F2CE00E7CF12 /* CarhubTests-Info.plist */,
				AA5546B21979F2CE00E7CF12 /* InfoPlist.strings */,
			);
			name = "Supporting Files";
			sourceTree = "<group>";
		};
/* End PBXGroup section */

/* Begin PBXNativeTarget section */
		AA5546861979F2CD00E7CF12 /* Carhub */ = {
			isa = PBXNativeTarget;
			buildConfigurationList = AA5546B91979F2CE00E7CF12 /* Build configuration list for PBXNativeTarget "Carhub" */;
			buildPhases = (
				AA5546831979F2CD00E7CF12 /* Sources */,
				AA5546841979F2CD00E7CF12 /* Frameworks */,
				AA5546851979F2CD00E7CF12 /* Resources */,
			);
			buildRules = (
			);
			dependencies = (
			);
			name = Carhub;
			productName = Carhub;
			productReference = AA5546871979F2CD00E7CF12 /* Carhub.app */;
			productType = "com.apple.product-type.application";
		};
		AA5546A71979F2CE00E7CF12 /* CarhubTests */ = {
			isa = PBXNativeTarget;
			buildConfigurationList = AA5546BC1979F2CE00E7CF12 /* Build configuration list for PBXNativeTarget "CarhubTests" */;
			buildPhases = (
				AA5546A41979F2CE00E7CF12 /* Sources */,
				AA5546A51979F2CE00E7CF12 /* Frameworks */,
				AA5546A61979F2CE00E7CF12 /* Resources */,
			);
			buildRules = (
			);
			dependencies = (
				AA5546AE1979F2CE00E7CF12 /* PBXTargetDependency */,
			);
			name = CarhubTests;
			productName = CarhubTests;
			productReference = AA5546A81979F2CE00E7CF12 /* CarhubTests.xctest */;
			productType = "com.apple.product-type.bundle.unit-test";
		};
/* End PBXNativeTarget section */

/* Begin PBXProject section */
		AA55467F1979F2CD00E7CF12 /* Project object */ = {
			isa = PBXProject;
			attributes = {
				LastUpgradeCheck = 0510;
				ORGANIZATIONNAME = "Ham Applications";
				TargetAttributes = {
					AA5546861979F2CD00E7CF12 = {
						DevelopmentTeam = 2QW264D9MD;
						SystemCapabilities = {
							com.apple.InAppPurchase = {
								enabled = 0;
							};
						};
					};
					AA5546A71979F2CE00E7CF12 = {
						TestTargetID = AA5546861979F2CD00E7CF12;
					};
				};
			};
			buildConfigurationList = AA5546821979F2CD00E7CF12 /* Build configuration list for PBXProject "Carhub" */;
			compatibilityVersion = "Xcode 3.2";
			developmentRegion = English;
			hasScannedForEncodings = 0;
			knownRegions = (
				en,
				Base,
			);
			mainGroup = AA55467E1979F2CD00E7CF12;
			productRefGroup = AA5546881979F2CD00E7CF12 /* Products */;
			projectDirPath = "";
			projectRoot = "";
			targets = (
				AA5546861979F2CD00E7CF12 /* Carhub */,
				AA5546A71979F2CE00E7CF12 /* CarhubTests */,
			);
		};
/* End PBXProject section */

/* Begin PBXResourcesBuildPhase section */
		AA5546851979F2CD00E7CF12 /* Resources */ = {
			isa = PBXResourcesBuildPhase;
			buildActionMask = 2147483647;
			files = (
				AAB944A01984834400E60C64 /* Horsepower Icon.png in Resources */,
				AAB944A71984834400E60C64 /* weight Icon.png in Resources */,
				AAB944A21984834400E60C64 /* price icon.png in Resources */,
				AAB944A51984834400E60C64 /* Top Speed icon.png in Resources */,
				AAB944A41984834400E60C64 /* tachometer-md.png in Resources */,
				AAB9449C1984834400E60C64 /* dollarsign.png in Resources */,
				AAB744E2198318BF00A8545A /* MainStoryboard4.storyboard in Resources */,
				AAB944A61984834400E60C64 /* Transmission Icon.png in Resources */,
				385C1405197B3FDA003BBB09 /* MainStoryboard.storyboard in Resources */,
				AAB944A31984834400E60C64 /* stopwatch icon.png in Resources */,
				AAB9449D1984834400E60C64 /* Drive Type Icon.png in Resources */,
				AA5546A31979F2CE00E7CF12 /* Images.xcassets in Resources */,
				AAB944A81984834400E60C64 /* Years Made Icon.png in Resources */,
				AAB9449E1984834400E60C64 /* Engine Icon.png in Resources */,
				AAB9448C1984797800E60C64 /* Metal Background.jpg in Resources */,
				AAB9449B1984834400E60C64 /* 0-60 Icon.png in Resources */,
				AAB944A11984834400E60C64 /* Price Icon.jpg in Resources */,
				AAB9449F1984834400E60C64 /* fuel pump icon.png in Resources */,
				AA5546951979F2CE00E7CF12 /* InfoPlist.strings in Resources */,
			);
			runOnlyForDeploymentPostprocessing = 0;
		};
		AA5546A61979F2CE00E7CF12 /* Resources */ = {
			isa = PBXResourcesBuildPhase;
			buildActionMask = 2147483647;
			files = (
				AAB744D61983167800A8545A /* MainStoryboard.storyboard in Resources */,
				AA5546B41979F2CE00E7CF12 /* InfoPlist.strings in Resources */,
				AAB744E3198318BF00A8545A /* MainStoryboard4.storyboard in Resources */,
			);
			runOnlyForDeploymentPostprocessing = 0;
		};
/* End PBXResourcesBuildPhase section */

/* Begin PBXSourcesBuildPhase section */
		AA5546831979F2CD00E7CF12 /* Sources */ = {
			isa = PBXSourcesBuildPhase;
			buildActionMask = 2147483647;
			files = (
				387C2635197E0F7D007B7BFA /* SRTViewController.m in Sources */,
				387C25FF197DF296007B7BFA /* LincolnViewController.m in Sources */,
				38327B6D197D6BAB00072A31 /* DeLoreanViewController.m in Sources */,
				386C830A197D433600F2C008 /* ArielViewController.m in Sources */,
				387C261A197E0085007B7BFA /* NissanViewController.m in Sources */,
				38595D9D197C4D4200AA0BF9 /* CarViewCell.m in Sources */,
				387C2620197E032C007B7BFA /* PeugeotViewController.m in Sources */,
				387C25EA197DE30F007B7BFA /* JaguarViewController.m in Sources */,
				385C141D197BBC32003BBB09 /* DetailViewController.m in Sources */,
				38CCEA8D19844AB900A157EA /* DisputeInfoViewController2.m in Sources */,
				387C2605197DF424007B7BFA /* MaseratiViewController.m in Sources */,
				38327B70197D6CED00072A31 /* DodgeViewController.m in Sources */,
				387C262C197E0C20007B7BFA /* RollsRoyceViewController.m in Sources */,
				387C260B197DF638007B7BFA /* MazdaViewController.m in Sources */,
				387C264A197E1784007B7BFA /* VolvoViewController.m in Sources */,
				387C2647197E15BF007B7BFA /* VolkswagenViewController.m in Sources */,
				38595DA3197C710300AA0BF9 /* MakesViewController.m in Sources */,
				3887F72C197D56D100C002BA /* BentleyViewController.m in Sources */,
				387C25D8197DD0D9007B7BFA /* GumpertViewController.m in Sources */,
				387C25D2197DC5B1007B7BFA /* FordViewController.m in Sources */,
				383F2EFF19835CAA001A9E92 /* MakesViewController2.m in Sources */,
				38327B64197D668200072A31 /* CitroenViewController.m in Sources */,
				387C263B197E119C007B7BFA /* SubaruViewController.m in Sources */,
				AA55469B1979F2CE00E7CF12 /* AppDelegate.m in Sources */,
				AA8D9E5C1980B3AE00AAB3E2 /* TopTensViewController.m in Sources */,
				38327B58197D60DA00072A31 /* CaparoViewController.m in Sources */,
				387C25E7197DE250007B7BFA /* InfinitiViewController.m in Sources */,
				387C263E197E12AE007B7BFA /* TeslaViewController.m in Sources */,
				3887F72F197D587900C002BA /* BMWViewController.m in Sources */,
				38327B5E197D636300072A31 /* ChevroletViewController.m in Sources */,
				383F2F021983618C001A9E92 /* DetailViewController2.m in Sources */,
				387C25ED197DE425007B7BFA /* JeepViewController.m in Sources */,
				387C2614197DF9E4007B7BFA /* MiniViewController.m in Sources */,
				38327B6A197D696E00072A31 /* DaciaViewController.m in Sources */,
				38CCEA8819843FF000A157EA /* TopTensViewController2.m in Sources */,
				387C25F9197DEF1B007B7BFA /* LandRoverViewController.m in Sources */,
				38327B55197D5F4400072A31 /* CadillacViewController.m in Sources */,
				385C141A197BBB3A003BBB09 /* AcuraViewController.m in Sources */,
				38CCEA851984356600A157EA /* DisputeInfoViewController.m in Sources */,
				387C2602197DF350007B7BFA /* LotusViewController.m in Sources */,
				387C25F6197DEC7B007B7BFA /* LamborghiniViewController.m in Sources */,
				387C2623197E05CA007B7BFA /* PorscheViewController.m in Sources */,
				386C830D197D45E200F2C008 /* AstonMartinViewController.m in Sources */,
				38327B4F197D5B4A00072A31 /* BugattiViewController.m in Sources */,
				386C8313197D497400F2C008 /* AudiViewController.m in Sources */,
				38327B61197D64B800072A31 /* ChryslerViewController.m in Sources */,
				387C2632197E0E54007B7BFA /* SpykerViewController.m in Sources */,
				387C25DB197DD298007B7BFA /* HennesseyViewController.m in Sources */,
				38327B67197D67BF00072A31 /* CorvetteViewController.m in Sources */,
				387C25CF197DC3F9007B7BFA /* FiskerViewController.m in Sources */,
				387C25F3197DE6B1007B7BFA /* KoenigseggViewController.m in Sources */,
				387C2629197E0AB8007B7BFA /* RenaultViewController.m in Sources */,
				387C25CC197DC194007B7BFA /* FiatViewController.m in Sources */,
				38595DA6197C73A700AA0BF9 /* BackgroundLayer.m in Sources */,
				38327B52197D5E0C00072A31 /* BuickViewController.m in Sources */,
				387C262F197E0D62007B7BFA /* ScionViewController.m in Sources */,
				385C140E197B5299003BBB09 /* Model.m in Sources */,
				387C2638197E10BB007B7BFA /* SSCViewController.m in Sources */,
				385C1403197B3F76003BBB09 /* Make.m in Sources */,
				381DB9BF1980D41700CB6AAB /* ZenvoViewController.m in Sources */,
				387C25DE197DD40C007B7BFA /* HondaViewController.m in Sources */,
				38A09C20197F62C700254457 /* CompareViewController.m in Sources */,
				387C2608197DF518007B7BFA /* MaybachViewController.m in Sources */,
				38327B73197D6FB400072A31 /* FerrariViewController.m in Sources */,
				38595DE1197CAE5800AA0BF9 /* ArashViewController.m in Sources */,
				387C2611197DF8CF007B7BFA /* MercedesBenzViewController.m in Sources */,
				AA5546971979F2CE00E7CF12 /* main.m in Sources */,
				387C25F0197DE560007B7BFA /* KiaViewController.m in Sources */,
				387C260E197DF736007B7BFA /* McLarenViewController.m in Sources */,
				387C2626197E0943007B7BFA /* RAMViewController.m in Sources */,
				387C2641197E13A2007B7BFA /* ToyotaViewController.m in Sources */,
				387C25E4197DE12B007B7BFA /* HyundaiViewController.m in Sources */,
				383F2F0519836923001A9E92 /* CompareViewController2.m in Sources */,
				387C25D5197DCF85007B7BFA /* GMCViewController.m in Sources */,
				387C25FC197DF155007B7BFA /* LexusViewController.m in Sources */,
				387C261D197E0179007B7BFA /* PaganiViewController.m in Sources */,
				38327B5B197D625300072A31 /* CaterhamViewController.m in Sources */,
				386C831F197D546100F2C008 /* BacViewController.m in Sources */,
				387C2617197DFFD2007B7BFA /* MitsubishiViewController.m in Sources */,
				387C25E1197DDEDC007B7BFA /* HummerViewController.m in Sources */,
				38595DDE197CA88700AA0BF9 /* AlfaRomeoViewController.m in Sources */,
			);
			runOnlyForDeploymentPostprocessing = 0;
		};
		AA5546A41979F2CE00E7CF12 /* Sources */ = {
			isa = PBXSourcesBuildPhase;
			buildActionMask = 2147483647;
			files = (
				AA5546B61979F2CE00E7CF12 /* CarhubTests.m in Sources */,
			);
			runOnlyForDeploymentPostprocessing = 0;
		};
/* End PBXSourcesBuildPhase section */

/* Begin PBXTargetDependency section */
		AA5546AE1979F2CE00E7CF12 /* PBXTargetDependency */ = {
			isa = PBXTargetDependency;
			target = AA5546861979F2CD00E7CF12 /* Carhub */;
			targetProxy = AA5546AD1979F2CE00E7CF12 /* PBXContainerItemProxy */;
		};
/* End PBXTargetDependency section */

/* Begin PBXVariantGroup section */
		AA5546931979F2CE00E7CF12 /* InfoPlist.strings */ = {
			isa = PBXVariantGroup;
			children = (
				AA5546941979F2CE00E7CF12 /* en */,
			);
			name = InfoPlist.strings;
			sourceTree = "<group>";
		};
		AA5546B21979F2CE00E7CF12 /* InfoPlist.strings */ = {
			isa = PBXVariantGroup;
			children = (
				AA5546B31979F2CE00E7CF12 /* en */,
			);
			name = InfoPlist.strings;
			sourceTree = "<group>";
		};
/* End PBXVariantGroup section */

/* Begin XCBuildConfiguration section */
		AA5546B71979F2CE00E7CF12 /* Debug */ = {
			isa = XCBuildConfiguration;
			buildSettings = {
				ALWAYS_SEARCH_USER_PATHS = NO;
				CLANG_CXX_LANGUAGE_STANDARD = "gnu++0x";
				CLANG_CXX_LIBRARY = "libc++";
				CLANG_ENABLE_MODULES = YES;
				CLANG_ENABLE_OBJC_ARC = YES;
				CLANG_WARN_BOOL_CONVERSION = YES;
				CLANG_WARN_CONSTANT_CONVERSION = YES;
				CLANG_WARN_DIRECT_OBJC_ISA_USAGE = YES_ERROR;
				CLANG_WARN_EMPTY_BODY = YES;
				CLANG_WARN_ENUM_CONVERSION = YES;
				CLANG_WARN_INT_CONVERSION = YES;
				CLANG_WARN_OBJC_ROOT_CLASS = YES_ERROR;
				CLANG_WARN__DUPLICATE_METHOD_MATCH = YES;
				"CODE_SIGN_IDENTITY[sdk=iphoneos*]" = "iPhone Developer";
				COPY_PHASE_STRIP = NO;
				GCC_C_LANGUAGE_STANDARD = gnu99;
				GCC_DYNAMIC_NO_PIC = NO;
				GCC_OPTIMIZATION_LEVEL = 0;
				GCC_PREPROCESSOR_DEFINITIONS = (
					"DEBUG=1",
					"$(inherited)",
				);
				GCC_SYMBOLS_PRIVATE_EXTERN = NO;
				GCC_WARN_64_TO_32_BIT_CONVERSION = YES;
				GCC_WARN_ABOUT_RETURN_TYPE = YES_ERROR;
				GCC_WARN_UNDECLARED_SELECTOR = YES;
				GCC_WARN_UNINITIALIZED_AUTOS = YES_AGGRESSIVE;
				GCC_WARN_UNUSED_FUNCTION = YES;
				GCC_WARN_UNUSED_VARIABLE = YES;
				IPHONEOS_DEPLOYMENT_TARGET = 7.1;
				ONLY_ACTIVE_ARCH = YES;
				SDKROOT = iphoneos;
			};
			name = Debug;
		};
		AA5546B81979F2CE00E7CF12 /* Release */ = {
			isa = XCBuildConfiguration;
			buildSettings = {
				ALWAYS_SEARCH_USER_PATHS = NO;
				CLANG_CXX_LANGUAGE_STANDARD = "gnu++0x";
				CLANG_CXX_LIBRARY = "libc++";
				CLANG_ENABLE_MODULES = YES;
				CLANG_ENABLE_OBJC_ARC = YES;
				CLANG_WARN_BOOL_CONVERSION = YES;
				CLANG_WARN_CONSTANT_CONVERSION = YES;
				CLANG_WARN_DIRECT_OBJC_ISA_USAGE = YES_ERROR;
				CLANG_WARN_EMPTY_BODY = YES;
				CLANG_WARN_ENUM_CONVERSION = YES;
				CLANG_WARN_INT_CONVERSION = YES;
				CLANG_WARN_OBJC_ROOT_CLASS = YES_ERROR;
				CLANG_WARN__DUPLICATE_METHOD_MATCH = YES;
				"CODE_SIGN_IDENTITY[sdk=iphoneos*]" = "iPhone Developer";
				COPY_PHASE_STRIP = YES;
				ENABLE_NS_ASSERTIONS = NO;
				GCC_C_LANGUAGE_STANDARD = gnu99;
				GCC_WARN_64_TO_32_BIT_CONVERSION = YES;
				GCC_WARN_ABOUT_RETURN_TYPE = YES_ERROR;
				GCC_WARN_UNDECLARED_SELECTOR = YES;
				GCC_WARN_UNINITIALIZED_AUTOS = YES_AGGRESSIVE;
				GCC_WARN_UNUSED_FUNCTION = YES;
				GCC_WARN_UNUSED_VARIABLE = YES;
				IPHONEOS_DEPLOYMENT_TARGET = 7.1;
				SDKROOT = iphoneos;
				VALIDATE_PRODUCT = YES;
			};
			name = Release;
		};
		AA5546BA1979F2CE00E7CF12 /* Debug */ = {
			isa = XCBuildConfiguration;
			buildSettings = {
				ASSETCATALOG_COMPILER_APPICON_NAME = AppIcon;
				ASSETCATALOG_COMPILER_LAUNCHIMAGE_NAME = LaunchImage;
				CODE_SIGN_IDENTITY = "iPhone Developer";
				"CODE_SIGN_IDENTITY[sdk=iphoneos*]" = "iPhone Developer: Orland Esval (VLZ6936QRM)";
				GCC_PRECOMPILE_PREFIX_HEADER = YES;
				GCC_PREFIX_HEADER = "Carhub/Carhub-Prefix.pch";
				INFOPLIST_FILE = "Carhub/Carhub-Info.plist";
				PRODUCT_NAME = "$(TARGET_NAME)";
				PROVISIONING_PROFILE = "";
				TARGETED_DEVICE_FAMILY = 1;
				WRAPPER_EXTENSION = app;
			};
			name = Debug;
		};
		AA5546BB1979F2CE00E7CF12 /* Release */ = {
			isa = XCBuildConfiguration;
			buildSettings = {
				ASSETCATALOG_COMPILER_APPICON_NAME = AppIcon;
				ASSETCATALOG_COMPILER_LAUNCHIMAGE_NAME = LaunchImage;
				CODE_SIGN_IDENTITY = "iPhone Developer";
				"CODE_SIGN_IDENTITY[sdk=iphoneos*]" = "iPhone Developer";
				GCC_PRECOMPILE_PREFIX_HEADER = YES;
				GCC_PREFIX_HEADER = "Carhub/Carhub-Prefix.pch";
				INFOPLIST_FILE = "Carhub/Carhub-Info.plist";
				PRODUCT_NAME = "$(TARGET_NAME)";
				PROVISIONING_PROFILE = "";
				TARGETED_DEVICE_FAMILY = 1;
				WRAPPER_EXTENSION = app;
			};
			name = Release;
		};
		AA5546BD1979F2CE00E7CF12 /* Debug */ = {
			isa = XCBuildConfiguration;
			buildSettings = {
				BUNDLE_LOADER = "$(BUILT_PRODUCTS_DIR)/Carhub.app/Carhub";
				FRAMEWORK_SEARCH_PATHS = (
					"$(SDKROOT)/Developer/Library/Frameworks",
					"$(inherited)",
					"$(DEVELOPER_FRAMEWORKS_DIR)",
				);
				GCC_PRECOMPILE_PREFIX_HEADER = YES;
				GCC_PREFIX_HEADER = "Carhub/Carhub-Prefix.pch";
				GCC_PREPROCESSOR_DEFINITIONS = (
					"DEBUG=1",
					"$(inherited)",
				);
				INFOPLIST_FILE = "CarhubTests/CarhubTests-Info.plist";
				PRODUCT_NAME = "$(TARGET_NAME)";
				TEST_HOST = "$(BUNDLE_LOADER)";
				WRAPPER_EXTENSION = xctest;
			};
			name = Debug;
		};
		AA5546BE1979F2CE00E7CF12 /* Release */ = {
			isa = XCBuildConfiguration;
			buildSettings = {
				BUNDLE_LOADER = "$(BUILT_PRODUCTS_DIR)/Carhub.app/Carhub";
				FRAMEWORK_SEARCH_PATHS = (
					"$(SDKROOT)/Developer/Library/Frameworks",
					"$(inherited)",
					"$(DEVELOPER_FRAMEWORKS_DIR)",
				);
				GCC_PRECOMPILE_PREFIX_HEADER = YES;
				GCC_PREFIX_HEADER = "Carhub/Carhub-Prefix.pch";
				INFOPLIST_FILE = "CarhubTests/CarhubTests-Info.plist";
				PRODUCT_NAME = "$(TARGET_NAME)";
				TEST_HOST = "$(BUNDLE_LOADER)";
				WRAPPER_EXTENSION = xctest;
			};
			name = Release;
		};
/* End XCBuildConfiguration section */

/* Begin XCConfigurationList section */
		AA5546821979F2CD00E7CF12 /* Build configuration list for PBXProject "Carhub" */ = {
			isa = XCConfigurationList;
			buildConfigurations = (
				AA5546B71979F2CE00E7CF12 /* Debug */,
				AA5546B81979F2CE00E7CF12 /* Release */,
			);
			defaultConfigurationIsVisible = 0;
			defaultConfigurationName = Release;
		};
		AA5546B91979F2CE00E7CF12 /* Build configuration list for PBXNativeTarget "Carhub" */ = {
			isa = XCConfigurationList;
			buildConfigurations = (
				AA5546BA1979F2CE00E7CF12 /* Debug */,
				AA5546BB1979F2CE00E7CF12 /* Release */,
			);
			defaultConfigurationIsVisible = 0;
			defaultConfigurationName = Release;
		};
		AA5546BC1979F2CE00E7CF12 /* Build configuration list for PBXNativeTarget "CarhubTests" */ = {
			isa = XCConfigurationList;
			buildConfigurations = (
				AA5546BD1979F2CE00E7CF12 /* Debug */,
				AA5546BE1979F2CE00E7CF12 /* Release */,
			);
			defaultConfigurationIsVisible = 0;
			defaultConfigurationName = Release;
		};
/* End XCConfigurationList section */
	};
	rootObject = AA55467F1979F2CD00E7CF12 /* Project object */;
}
