// !$*UTF8*$!
{
	archiveVersion = 1;
	classes = {
	};
	objectVersion = 46;
	objects = {

/* Begin PBXBuildFile section */
		383F2EFF19835CAA001A9E92 /* MakesViewController2.m in Sources */ = {isa = PBXBuildFile; fileRef = 383F2EFE19835CAA001A9E92 /* MakesViewController2.m */; };
		383F2F021983618C001A9E92 /* DetailViewController2.m in Sources */ = {isa = PBXBuildFile; fileRef = 383F2F011983618C001A9E92 /* DetailViewController2.m */; };
		383F2F0519836923001A9E92 /* CompareViewController2.m in Sources */ = {isa = PBXBuildFile; fileRef = 383F2F0419836923001A9E92 /* CompareViewController2.m */; };
		38595D9D197C4D4200AA0BF9 /* CarViewCell.m in Sources */ = {isa = PBXBuildFile; fileRef = 38595D9C197C4D4200AA0BF9 /* CarViewCell.m */; };
		38595DA3197C710300AA0BF9 /* MakesViewController.m in Sources */ = {isa = PBXBuildFile; fileRef = 38595DA2197C710300AA0BF9 /* MakesViewController.m */; };
		38595DA6197C73A700AA0BF9 /* BackgroundLayer.m in Sources */ = {isa = PBXBuildFile; fileRef = 38595DA5197C73A700AA0BF9 /* BackgroundLayer.m */; };
		385C1403197B3F76003BBB09 /* Make.m in Sources */ = {isa = PBXBuildFile; fileRef = 385C1402197B3F76003BBB09 /* Make.m */; };
		385C1405197B3FDA003BBB09 /* MainStoryboard.storyboard in Resources */ = {isa = PBXBuildFile; fileRef = 385C1404197B3FDA003BBB09 /* MainStoryboard.storyboard */; };
		385C141A197BBB3A003BBB09 /* AcuraViewController.m in Sources */ = {isa = PBXBuildFile; fileRef = 385C1419197BBB3A003BBB09 /* AcuraViewController.m */; };
		385C141D197BBC32003BBB09 /* DetailViewController.m in Sources */ = {isa = PBXBuildFile; fileRef = 385C141C197BBC32003BBB09 /* DetailViewController.m */; };
		386AF25719B2A07C00DECEEE /* 0-60 Icon.png in Resources */ = {isa = PBXBuildFile; fileRef = 386AF24419B2A07C00DECEEE /* 0-60 Icon.png */; };
		386AF25819B2A07C00DECEEE /* dollarsign.png in Resources */ = {isa = PBXBuildFile; fileRef = 386AF24519B2A07C00DECEEE /* dollarsign.png */; };
		386AF25919B2A07C00DECEEE /* Drive Type Icon.png in Resources */ = {isa = PBXBuildFile; fileRef = 386AF24619B2A07C00DECEEE /* Drive Type Icon.png */; };
		386AF25A19B2A07C00DECEEE /* Engine Icon.png in Resources */ = {isa = PBXBuildFile; fileRef = 386AF24719B2A07C00DECEEE /* Engine Icon.png */; };
		386AF25B19B2A07C00DECEEE /* horse_PNG2553.png in Resources */ = {isa = PBXBuildFile; fileRef = 386AF24819B2A07C00DECEEE /* horse_PNG2553.png */; };
		386AF25C19B2A07C00DECEEE /* Horsepower Icon.png in Resources */ = {isa = PBXBuildFile; fileRef = 386AF24919B2A07C00DECEEE /* Horsepower Icon.png */; };
		386AF25D19B2A07C00DECEEE /* moneystack.png in Resources */ = {isa = PBXBuildFile; fileRef = 386AF24A19B2A07C00DECEEE /* moneystack.png */; };
		386AF25E19B2A07C00DECEEE /* Nurburgring.png in Resources */ = {isa = PBXBuildFile; fileRef = 386AF24B19B2A07C00DECEEE /* Nurburgring.png */; };
		386AF25F19B2A07C00DECEEE /* Price Icon.jpg in Resources */ = {isa = PBXBuildFile; fileRef = 386AF24C19B2A07C00DECEEE /* Price Icon.jpg */; };
		386AF26019B2A07C00DECEEE /* price icon.png in Resources */ = {isa = PBXBuildFile; fileRef = 386AF24D19B2A07C00DECEEE /* price icon.png */; };
		386AF26119B2A07C00DECEEE /* racing-christmas-tree-hi.png in Resources */ = {isa = PBXBuildFile; fileRef = 386AF24E19B2A07C00DECEEE /* racing-christmas-tree-hi.png */; };
		386AF26219B2A07C00DECEEE /* RcA6RKnAi.png in Resources */ = {isa = PBXBuildFile; fileRef = 386AF24F19B2A07C00DECEEE /* RcA6RKnAi.png */; };
		386AF26319B2A07C00DECEEE /* Sickly_Speedometer.png in Resources */ = {isa = PBXBuildFile; fileRef = 386AF25019B2A07C00DECEEE /* Sickly_Speedometer.png */; };
		386AF26419B2A07C00DECEEE /* Sport-Activities-Stopwatch-icon.png in Resources */ = {isa = PBXBuildFile; fileRef = 386AF25119B2A07C00DECEEE /* Sport-Activities-Stopwatch-icon.png */; };
		386AF26519B2A07C00DECEEE /* stopwatch icon.png in Resources */ = {isa = PBXBuildFile; fileRef = 386AF25219B2A07C00DECEEE /* stopwatch icon.png */; };
		386AF26619B2A07C00DECEEE /* Top Speed icon.png in Resources */ = {isa = PBXBuildFile; fileRef = 386AF25319B2A07C00DECEEE /* Top Speed icon.png */; };
		386AF26719B2A07C00DECEEE /* Transmission Icon.png in Resources */ = {isa = PBXBuildFile; fileRef = 386AF25419B2A07C00DECEEE /* Transmission Icon.png */; };
		386AF26819B2A07C00DECEEE /* weight Icon.png in Resources */ = {isa = PBXBuildFile; fileRef = 386AF25519B2A07C00DECEEE /* weight Icon.png */; };
		386AF26919B2A07C00DECEEE /* Years Made Icon.png in Resources */ = {isa = PBXBuildFile; fileRef = 386AF25619B2A07C00DECEEE /* Years Made Icon.png */; };
		38A09C20197F62C700254457 /* CompareViewController.m in Sources */ = {isa = PBXBuildFile; fileRef = 38A09C1F197F62C700254457 /* CompareViewController.m */; };
		38A667D919858E69008B2A69 /* ImageViewController.m in Sources */ = {isa = PBXBuildFile; fileRef = 38A667D819858E69008B2A69 /* ImageViewController.m */; };
		38A667DC198594C0008B2A69 /* CompareImageViewController1.m in Sources */ = {isa = PBXBuildFile; fileRef = 38A667DB198594C0008B2A69 /* CompareImageViewController1.m */; };
		38AEE96019A81C1D00792503 /* SearchViewController.m in Sources */ = {isa = PBXBuildFile; fileRef = 38AEE95F19A81C1D00792503 /* SearchViewController.m */; };
		38AEE96319A8284200792503 /* NewsViewController.m in Sources */ = {isa = PBXBuildFile; fileRef = 38AEE96219A8284200792503 /* NewsViewController.m */; };
		38AEE96619A82B4B00792503 /* News.m in Sources */ = {isa = PBXBuildFile; fileRef = 38AEE96519A82B4B00792503 /* News.m */; };
		38AEE96919A84F0500792503 /* NewsDetailViewController.m in Sources */ = {isa = PBXBuildFile; fileRef = 38AEE96819A84F0500792503 /* NewsDetailViewController.m */; };
		38B9D35119AA6EBF00255038 /* FavoritesClass.m in Sources */ = {isa = PBXBuildFile; fileRef = 38B9D35019AA6EBF00255038 /* FavoritesClass.m */; };
		38BABF5F19A96B210054B1EC /* FavoritesViewController.m in Sources */ = {isa = PBXBuildFile; fileRef = 38BABF5E19A96B210054B1EC /* FavoritesViewController.m */; };
		38C0784819B4291C00DEC284 /* Model.m in Sources */ = {isa = PBXBuildFile; fileRef = 38C0784719B4291C00DEC284 /* Model.m */; };
		38CCEA82198432C300A157EA /* MessageUI.framework in Frameworks */ = {isa = PBXBuildFile; fileRef = 38CCEA81198432C300A157EA /* MessageUI.framework */; };
		38CCEA851984356600A157EA /* DisputeInfoViewController.m in Sources */ = {isa = PBXBuildFile; fileRef = 38CCEA841984356600A157EA /* DisputeInfoViewController.m */; };
		38CCEA8819843FF000A157EA /* TopTensViewController2.m in Sources */ = {isa = PBXBuildFile; fileRef = 38CCEA8719843FF000A157EA /* TopTensViewController2.m */; };
		38CCEA8D19844AB900A157EA /* DisputeInfoViewController2.m in Sources */ = {isa = PBXBuildFile; fileRef = 38CCEA8C19844AB900A157EA /* DisputeInfoViewController2.m */; };
		38D2B8CA19A58EBA004D0687 /* MakeViewController.m in Sources */ = {isa = PBXBuildFile; fileRef = 38D2B8C919A58EBA004D0687 /* MakeViewController.m */; };
		38D2B8CD19A58F56004D0687 /* MakeCell.m in Sources */ = {isa = PBXBuildFile; fileRef = 38D2B8CC19A58F56004D0687 /* MakeCell.m */; };
		38D2B8D319A58FB5004D0687 /* ModelViewController.m in Sources */ = {isa = PBXBuildFile; fileRef = 38D2B8D219A58FB5004D0687 /* ModelViewController.m */; };
		AA55468B1979F2CD00E7CF12 /* Foundation.framework in Frameworks */ = {isa = PBXBuildFile; fileRef = AA55468A1979F2CD00E7CF12 /* Foundation.framework */; };
		AA55468D1979F2CD00E7CF12 /* CoreGraphics.framework in Frameworks */ = {isa = PBXBuildFile; fileRef = AA55468C1979F2CD00E7CF12 /* CoreGraphics.framework */; };
		AA55468F1979F2CD00E7CF12 /* UIKit.framework in Frameworks */ = {isa = PBXBuildFile; fileRef = AA55468E1979F2CD00E7CF12 /* UIKit.framework */; };
		AA5546951979F2CE00E7CF12 /* InfoPlist.strings in Resources */ = {isa = PBXBuildFile; fileRef = AA5546931979F2CE00E7CF12 /* InfoPlist.strings */; };
		AA5546971979F2CE00E7CF12 /* main.m in Sources */ = {isa = PBXBuildFile; fileRef = AA5546961979F2CE00E7CF12 /* main.m */; };
		AA55469B1979F2CE00E7CF12 /* AppDelegate.m in Sources */ = {isa = PBXBuildFile; fileRef = AA55469A1979F2CE00E7CF12 /* AppDelegate.m */; };
		AA5546A31979F2CE00E7CF12 /* Images.xcassets in Resources */ = {isa = PBXBuildFile; fileRef = AA5546A21979F2CE00E7CF12 /* Images.xcassets */; };
		AA5546AA1979F2CE00E7CF12 /* XCTest.framework in Frameworks */ = {isa = PBXBuildFile; fileRef = AA5546A91979F2CE00E7CF12 /* XCTest.framework */; };
		AA5546AB1979F2CE00E7CF12 /* Foundation.framework in Frameworks */ = {isa = PBXBuildFile; fileRef = AA55468A1979F2CD00E7CF12 /* Foundation.framework */; };
		AA5546AC1979F2CE00E7CF12 /* UIKit.framework in Frameworks */ = {isa = PBXBuildFile; fileRef = AA55468E1979F2CD00E7CF12 /* UIKit.framework */; };
		AA5546B41979F2CE00E7CF12 /* InfoPlist.strings in Resources */ = {isa = PBXBuildFile; fileRef = AA5546B21979F2CE00E7CF12 /* InfoPlist.strings */; };
		AA5546B61979F2CE00E7CF12 /* CarhubTests.m in Sources */ = {isa = PBXBuildFile; fileRef = AA5546B51979F2CE00E7CF12 /* CarhubTests.m */; };
		AA5B1C28199AD1EE001912CC /* CoreData.framework in Frameworks */ = {isa = PBXBuildFile; fileRef = AA5B1C27199AD1EE001912CC /* CoreData.framework */; };
		AA5B1C2A199AD1F6001912CC /* SystemConfiguration.framework in Frameworks */ = {isa = PBXBuildFile; fileRef = AA5B1C29199AD1F6001912CC /* SystemConfiguration.framework */; };
		AA5B1C2C199AD1FE001912CC /* libz.dylib in Frameworks */ = {isa = PBXBuildFile; fileRef = AA5B1C2B199AD1FE001912CC /* libz.dylib */; };
		AA7348E919B1503600A119B2 /* QuartzCore.framework in Frameworks */ = {isa = PBXBuildFile; fileRef = AA7348E819B1503600A119B2 /* QuartzCore.framework */; };
		AA787E5319AED44F00E36107 /* News icon.png in Resources */ = {isa = PBXBuildFile; fileRef = AA787E4F19AED44F00E36107 /* News icon.png */; };
		AA787E5A19AED59000E36107 /* Tab bar favorites icon.png in Resources */ = {isa = PBXBuildFile; fileRef = AA787E5719AED59000E36107 /* Tab bar favorites icon.png */; };
		AA787E5B19AED59000E36107 /* Tab bar search icon.png in Resources */ = {isa = PBXBuildFile; fileRef = AA787E5819AED59000E36107 /* Tab bar search icon.png */; };
		AA787E5C19AED59000E36107 /* Top tens tab bar icon.png in Resources */ = {isa = PBXBuildFile; fileRef = AA787E5919AED59000E36107 /* Top tens tab bar icon.png */; };
		AA787E5E19AED61B00E36107 /* garage-32.png in Resources */ = {isa = PBXBuildFile; fileRef = AA787E5D19AED61B00E36107 /* garage-32.png */; };
		AA8D9E561980A75600AAB3E2 /* iAd.framework in Frameworks */ = {isa = PBXBuildFile; fileRef = AA8D9E551980A75600AAB3E2 /* iAd.framework */; };
		AA8D9E5C1980B3AE00AAB3E2 /* TopTensViewController.m in Sources */ = {isa = PBXBuildFile; fileRef = AA8D9E5B1980B3AE00AAB3E2 /* TopTensViewController.m */; };
		AAB744D61983167800A8545A /* MainStoryboard.storyboard in Resources */ = {isa = PBXBuildFile; fileRef = 385C1404197B3FDA003BBB09 /* MainStoryboard.storyboard */; };
		AAB744E2198318BF00A8545A /* MainStoryboard4.storyboard in Resources */ = {isa = PBXBuildFile; fileRef = AAB744E1198318BF00A8545A /* MainStoryboard4.storyboard */; };
		AAB744E3198318BF00A8545A /* MainStoryboard4.storyboard in Resources */ = {isa = PBXBuildFile; fileRef = AAB744E1198318BF00A8545A /* MainStoryboard4.storyboard */; };
		AAD406C819B137BB001D5192 /* Metal Background.jpg in Resources */ = {isa = PBXBuildFile; fileRef = AAD406C719B137BB001D5192 /* Metal Background.jpg */; };
		AAD406CA19B13B7B001D5192 /* iTunesArtwork.png in Resources */ = {isa = PBXBuildFile; fileRef = AAD406C919B13B7B001D5192 /* iTunesArtwork.png */; };
/* End PBXBuildFile section */

/* Begin PBXContainerItemProxy section */
		AA5546AD1979F2CE00E7CF12 /* PBXContainerItemProxy */ = {
			isa = PBXContainerItemProxy;
			containerPortal = AA55467F1979F2CD00E7CF12 /* Project object */;
			proxyType = 1;
			remoteGlobalIDString = AA5546861979F2CD00E7CF12;
			remoteInfo = Carhub;
		};
/* End PBXContainerItemProxy section */

/* Begin PBXFileReference section */
		383F2EFD19835CAA001A9E92 /* MakesViewController2.h */ = {isa = PBXFileReference; fileEncoding = 4; lastKnownFileType = sourcecode.c.h; path = MakesViewController2.h; sourceTree = "<group>"; };
		383F2EFE19835CAA001A9E92 /* MakesViewController2.m */ = {isa = PBXFileReference; fileEncoding = 4; lastKnownFileType = sourcecode.c.objc; path = MakesViewController2.m; sourceTree = "<group>"; };
		383F2F001983618C001A9E92 /* DetailViewController2.h */ = {isa = PBXFileReference; fileEncoding = 4; lastKnownFileType = sourcecode.c.h; path = DetailViewController2.h; sourceTree = "<group>"; };
		383F2F011983618C001A9E92 /* DetailViewController2.m */ = {isa = PBXFileReference; fileEncoding = 4; lastKnownFileType = sourcecode.c.objc; path = DetailViewController2.m; sourceTree = "<group>"; };
		383F2F0319836923001A9E92 /* CompareViewController2.h */ = {isa = PBXFileReference; fileEncoding = 4; lastKnownFileType = sourcecode.c.h; path = CompareViewController2.h; sourceTree = "<group>"; };
		383F2F0419836923001A9E92 /* CompareViewController2.m */ = {isa = PBXFileReference; fileEncoding = 4; lastKnownFileType = sourcecode.c.objc; path = CompareViewController2.m; sourceTree = "<group>"; };
		38595D9B197C4D4200AA0BF9 /* CarViewCell.h */ = {isa = PBXFileReference; fileEncoding = 4; lastKnownFileType = sourcecode.c.h; path = CarViewCell.h; sourceTree = "<group>"; };
		38595D9C197C4D4200AA0BF9 /* CarViewCell.m */ = {isa = PBXFileReference; fileEncoding = 4; lastKnownFileType = sourcecode.c.objc; path = CarViewCell.m; sourceTree = "<group>"; };
		38595DA1197C710300AA0BF9 /* MakesViewController.h */ = {isa = PBXFileReference; fileEncoding = 4; lastKnownFileType = sourcecode.c.h; path = MakesViewController.h; sourceTree = "<group>"; };
		38595DA2197C710300AA0BF9 /* MakesViewController.m */ = {isa = PBXFileReference; fileEncoding = 4; lastKnownFileType = sourcecode.c.objc; path = MakesViewController.m; sourceTree = "<group>"; };
		38595DA4197C73A700AA0BF9 /* BackgroundLayer.h */ = {isa = PBXFileReference; fileEncoding = 4; lastKnownFileType = sourcecode.c.h; path = BackgroundLayer.h; sourceTree = "<group>"; };
		38595DA5197C73A700AA0BF9 /* BackgroundLayer.m */ = {isa = PBXFileReference; fileEncoding = 4; lastKnownFileType = sourcecode.c.objc; path = BackgroundLayer.m; sourceTree = "<group>"; };
		385C1401197B3F76003BBB09 /* Make.h */ = {isa = PBXFileReference; fileEncoding = 4; lastKnownFileType = sourcecode.c.h; path = Make.h; sourceTree = "<group>"; };
		385C1402197B3F76003BBB09 /* Make.m */ = {isa = PBXFileReference; fileEncoding = 4; lastKnownFileType = sourcecode.c.objc; path = Make.m; sourceTree = "<group>"; };
		385C1404197B3FDA003BBB09 /* MainStoryboard.storyboard */ = {isa = PBXFileReference; fileEncoding = 4; lastKnownFileType = file.storyboard; path = MainStoryboard.storyboard; sourceTree = "<group>"; };
		385C1418197BBB3A003BBB09 /* AcuraViewController.h */ = {isa = PBXFileReference; fileEncoding = 4; lastKnownFileType = sourcecode.c.h; path = AcuraViewController.h; sourceTree = "<group>"; };
		385C1419197BBB3A003BBB09 /* AcuraViewController.m */ = {isa = PBXFileReference; fileEncoding = 4; lastKnownFileType = sourcecode.c.objc; path = AcuraViewController.m; sourceTree = "<group>"; };
		385C141B197BBC32003BBB09 /* DetailViewController.h */ = {isa = PBXFileReference; fileEncoding = 4; lastKnownFileType = sourcecode.c.h; path = DetailViewController.h; sourceTree = "<group>"; };
		385C141C197BBC32003BBB09 /* DetailViewController.m */ = {isa = PBXFileReference; fileEncoding = 4; lastKnownFileType = sourcecode.c.objc; path = DetailViewController.m; sourceTree = "<group>"; };
		386AF24419B2A07C00DECEEE /* 0-60 Icon.png */ = {isa = PBXFileReference; lastKnownFileType = image.png; name = "0-60 Icon.png"; path = "../../ Autohub stuff/carhub images/0-60 Icon.png"; sourceTree = "<group>"; };
		386AF24519B2A07C00DECEEE /* dollarsign.png */ = {isa = PBXFileReference; lastKnownFileType = image.png; name = dollarsign.png; path = "../../ Autohub stuff/carhub images/dollarsign.png"; sourceTree = "<group>"; };
		386AF24619B2A07C00DECEEE /* Drive Type Icon.png */ = {isa = PBXFileReference; lastKnownFileType = image.png; name = "Drive Type Icon.png"; path = "../../ Autohub stuff/carhub images/Drive Type Icon.png"; sourceTree = "<group>"; };
		386AF24719B2A07C00DECEEE /* Engine Icon.png */ = {isa = PBXFileReference; lastKnownFileType = image.png; name = "Engine Icon.png"; path = "../../ Autohub stuff/carhub images/Engine Icon.png"; sourceTree = "<group>"; };
		386AF24819B2A07C00DECEEE /* horse_PNG2553.png */ = {isa = PBXFileReference; lastKnownFileType = image.png; name = horse_PNG2553.png; path = "../../ Autohub stuff/carhub images/horse_PNG2553.png"; sourceTree = "<group>"; };
		386AF24919B2A07C00DECEEE /* Horsepower Icon.png */ = {isa = PBXFileReference; lastKnownFileType = image.png; name = "Horsepower Icon.png"; path = "../../ Autohub stuff/carhub images/Horsepower Icon.png"; sourceTree = "<group>"; };
		386AF24A19B2A07C00DECEEE /* moneystack.png */ = {isa = PBXFileReference; lastKnownFileType = image.png; name = moneystack.png; path = "../../ Autohub stuff/carhub images/moneystack.png"; sourceTree = "<group>"; };
		386AF24B19B2A07C00DECEEE /* Nurburgring.png */ = {isa = PBXFileReference; lastKnownFileType = image.png; name = Nurburgring.png; path = "../../ Autohub stuff/carhub images/Nurburgring.png"; sourceTree = "<group>"; };
		386AF24C19B2A07C00DECEEE /* Price Icon.jpg */ = {isa = PBXFileReference; lastKnownFileType = image.jpeg; name = "Price Icon.jpg"; path = "../../ Autohub stuff/carhub images/Price Icon.jpg"; sourceTree = "<group>"; };
		386AF24D19B2A07C00DECEEE /* price icon.png */ = {isa = PBXFileReference; lastKnownFileType = image.png; name = "price icon.png"; path = "../../ Autohub stuff/carhub images/price icon.png"; sourceTree = "<group>"; };
		386AF24E19B2A07C00DECEEE /* racing-christmas-tree-hi.png */ = {isa = PBXFileReference; lastKnownFileType = image.png; name = "racing-christmas-tree-hi.png"; path = "../../ Autohub stuff/carhub images/racing-christmas-tree-hi.png"; sourceTree = "<group>"; };
		386AF24F19B2A07C00DECEEE /* RcA6RKnAi.png */ = {isa = PBXFileReference; lastKnownFileType = image.png; name = RcA6RKnAi.png; path = "../../ Autohub stuff/carhub images/RcA6RKnAi.png"; sourceTree = "<group>"; };
		386AF25019B2A07C00DECEEE /* Sickly_Speedometer.png */ = {isa = PBXFileReference; lastKnownFileType = image.png; name = Sickly_Speedometer.png; path = "../../ Autohub stuff/carhub images/Sickly_Speedometer.png"; sourceTree = "<group>"; };
		386AF25119B2A07C00DECEEE /* Sport-Activities-Stopwatch-icon.png */ = {isa = PBXFileReference; lastKnownFileType = image.png; name = "Sport-Activities-Stopwatch-icon.png"; path = "../../ Autohub stuff/carhub images/Sport-Activities-Stopwatch-icon.png"; sourceTree = "<group>"; };
		386AF25219B2A07C00DECEEE /* stopwatch icon.png */ = {isa = PBXFileReference; lastKnownFileType = image.png; name = "stopwatch icon.png"; path = "../../ Autohub stuff/carhub images/stopwatch icon.png"; sourceTree = "<group>"; };
		386AF25319B2A07C00DECEEE /* Top Speed icon.png */ = {isa = PBXFileReference; lastKnownFileType = image.png; name = "Top Speed icon.png"; path = "../../ Autohub stuff/carhub images/Top Speed icon.png"; sourceTree = "<group>"; };
		386AF25419B2A07C00DECEEE /* Transmission Icon.png */ = {isa = PBXFileReference; lastKnownFileType = image.png; name = "Transmission Icon.png"; path = "../../ Autohub stuff/carhub images/Transmission Icon.png"; sourceTree = "<group>"; };
		386AF25519B2A07C00DECEEE /* weight Icon.png */ = {isa = PBXFileReference; lastKnownFileType = image.png; name = "weight Icon.png"; path = "../../ Autohub stuff/carhub images/weight Icon.png"; sourceTree = "<group>"; };
		386AF25619B2A07C00DECEEE /* Years Made Icon.png */ = {isa = PBXFileReference; lastKnownFileType = image.png; name = "Years Made Icon.png"; path = "../../ Autohub stuff/carhub images/Years Made Icon.png"; sourceTree = "<group>"; };
		38A09C1E197F62C700254457 /* CompareViewController.h */ = {isa = PBXFileReference; fileEncoding = 4; lastKnownFileType = sourcecode.c.h; path = CompareViewController.h; sourceTree = "<group>"; };
		38A09C1F197F62C700254457 /* CompareViewController.m */ = {isa = PBXFileReference; fileEncoding = 4; lastKnownFileType = sourcecode.c.objc; path = CompareViewController.m; sourceTree = "<group>"; };
		38A667D719858E69008B2A69 /* ImageViewController.h */ = {isa = PBXFileReference; fileEncoding = 4; lastKnownFileType = sourcecode.c.h; path = ImageViewController.h; sourceTree = "<group>"; };
		38A667D819858E69008B2A69 /* ImageViewController.m */ = {isa = PBXFileReference; fileEncoding = 4; lastKnownFileType = sourcecode.c.objc; path = ImageViewController.m; sourceTree = "<group>"; };
		38A667DA198594C0008B2A69 /* CompareImageViewController1.h */ = {isa = PBXFileReference; fileEncoding = 4; lastKnownFileType = sourcecode.c.h; path = CompareImageViewController1.h; sourceTree = "<group>"; };
		38A667DB198594C0008B2A69 /* CompareImageViewController1.m */ = {isa = PBXFileReference; fileEncoding = 4; lastKnownFileType = sourcecode.c.objc; path = CompareImageViewController1.m; sourceTree = "<group>"; };
		38AEE95E19A81C1D00792503 /* SearchViewController.h */ = {isa = PBXFileReference; fileEncoding = 4; lastKnownFileType = sourcecode.c.h; path = SearchViewController.h; sourceTree = "<group>"; };
		38AEE95F19A81C1D00792503 /* SearchViewController.m */ = {isa = PBXFileReference; fileEncoding = 4; lastKnownFileType = sourcecode.c.objc; path = SearchViewController.m; sourceTree = "<group>"; };
		38AEE96119A8284200792503 /* NewsViewController.h */ = {isa = PBXFileReference; fileEncoding = 4; lastKnownFileType = sourcecode.c.h; path = NewsViewController.h; sourceTree = "<group>"; };
		38AEE96219A8284200792503 /* NewsViewController.m */ = {isa = PBXFileReference; fileEncoding = 4; lastKnownFileType = sourcecode.c.objc; path = NewsViewController.m; sourceTree = "<group>"; };
		38AEE96419A82B4B00792503 /* News.h */ = {isa = PBXFileReference; fileEncoding = 4; lastKnownFileType = sourcecode.c.h; path = News.h; sourceTree = "<group>"; };
		38AEE96519A82B4B00792503 /* News.m */ = {isa = PBXFileReference; fileEncoding = 4; lastKnownFileType = sourcecode.c.objc; path = News.m; sourceTree = "<group>"; };
		38AEE96719A84F0500792503 /* NewsDetailViewController.h */ = {isa = PBXFileReference; fileEncoding = 4; lastKnownFileType = sourcecode.c.h; path = NewsDetailViewController.h; sourceTree = "<group>"; };
		38AEE96819A84F0500792503 /* NewsDetailViewController.m */ = {isa = PBXFileReference; fileEncoding = 4; lastKnownFileType = sourcecode.c.objc; path = NewsDetailViewController.m; sourceTree = "<group>"; };
		38B9D34F19AA6EBF00255038 /* FavoritesClass.h */ = {isa = PBXFileReference; fileEncoding = 4; lastKnownFileType = sourcecode.c.h; path = FavoritesClass.h; sourceTree = "<group>"; };
		38B9D35019AA6EBF00255038 /* FavoritesClass.m */ = {isa = PBXFileReference; fileEncoding = 4; lastKnownFileType = sourcecode.c.objc; path = FavoritesClass.m; sourceTree = "<group>"; };
		38BABF5D19A96B210054B1EC /* FavoritesViewController.h */ = {isa = PBXFileReference; fileEncoding = 4; lastKnownFileType = sourcecode.c.h; path = FavoritesViewController.h; sourceTree = "<group>"; };
		38BABF5E19A96B210054B1EC /* FavoritesViewController.m */ = {isa = PBXFileReference; fileEncoding = 4; lastKnownFileType = sourcecode.c.objc; path = FavoritesViewController.m; sourceTree = "<group>"; };
		38C0784619B4291C00DEC284 /* Model.h */ = {isa = PBXFileReference; fileEncoding = 4; lastKnownFileType = sourcecode.c.h; path = Model.h; sourceTree = "<group>"; };
		38C0784719B4291C00DEC284 /* Model.m */ = {isa = PBXFileReference; fileEncoding = 4; lastKnownFileType = sourcecode.c.objc; path = Model.m; sourceTree = "<group>"; };
		38CCEA81198432C300A157EA /* MessageUI.framework */ = {isa = PBXFileReference; lastKnownFileType = wrapper.framework; name = MessageUI.framework; path = System/Library/Frameworks/MessageUI.framework; sourceTree = SDKROOT; };
		38CCEA831984356600A157EA /* DisputeInfoViewController.h */ = {isa = PBXFileReference; fileEncoding = 4; lastKnownFileType = sourcecode.c.h; path = DisputeInfoViewController.h; sourceTree = "<group>"; };
		38CCEA841984356600A157EA /* DisputeInfoViewController.m */ = {isa = PBXFileReference; fileEncoding = 4; lastKnownFileType = sourcecode.c.objc; path = DisputeInfoViewController.m; sourceTree = "<group>"; };
		38CCEA8619843FF000A157EA /* TopTensViewController2.h */ = {isa = PBXFileReference; fileEncoding = 4; lastKnownFileType = sourcecode.c.h; path = TopTensViewController2.h; sourceTree = "<group>"; };
		38CCEA8719843FF000A157EA /* TopTensViewController2.m */ = {isa = PBXFileReference; fileEncoding = 4; lastKnownFileType = sourcecode.c.objc; path = TopTensViewController2.m; sourceTree = "<group>"; };
		38CCEA8B19844AB900A157EA /* DisputeInfoViewController2.h */ = {isa = PBXFileReference; fileEncoding = 4; lastKnownFileType = sourcecode.c.h; path = DisputeInfoViewController2.h; sourceTree = "<group>"; };
		38CCEA8C19844AB900A157EA /* DisputeInfoViewController2.m */ = {isa = PBXFileReference; fileEncoding = 4; lastKnownFileType = sourcecode.c.objc; path = DisputeInfoViewController2.m; sourceTree = "<group>"; };
		38D2B8C819A58EBA004D0687 /* MakeViewController.h */ = {isa = PBXFileReference; fileEncoding = 4; lastKnownFileType = sourcecode.c.h; path = MakeViewController.h; sourceTree = "<group>"; };
		38D2B8C919A58EBA004D0687 /* MakeViewController.m */ = {isa = PBXFileReference; fileEncoding = 4; lastKnownFileType = sourcecode.c.objc; path = MakeViewController.m; sourceTree = "<group>"; };
		38D2B8CB19A58F56004D0687 /* MakeCell.h */ = {isa = PBXFileReference; fileEncoding = 4; lastKnownFileType = sourcecode.c.h; path = MakeCell.h; sourceTree = "<group>"; };
		38D2B8CC19A58F56004D0687 /* MakeCell.m */ = {isa = PBXFileReference; fileEncoding = 4; lastKnownFileType = sourcecode.c.objc; path = MakeCell.m; sourceTree = "<group>"; };
		38D2B8D119A58FB5004D0687 /* ModelViewController.h */ = {isa = PBXFileReference; fileEncoding = 4; lastKnownFileType = sourcecode.c.h; path = ModelViewController.h; sourceTree = "<group>"; };
		38D2B8D219A58FB5004D0687 /* ModelViewController.m */ = {isa = PBXFileReference; fileEncoding = 4; lastKnownFileType = sourcecode.c.objc; path = ModelViewController.m; sourceTree = "<group>"; };
		AA5546871979F2CD00E7CF12 /* Carhub.app */ = {isa = PBXFileReference; explicitFileType = wrapper.application; includeInIndex = 0; path = Carhub.app; sourceTree = BUILT_PRODUCTS_DIR; };
		AA55468A1979F2CD00E7CF12 /* Foundation.framework */ = {isa = PBXFileReference; lastKnownFileType = wrapper.framework; name = Foundation.framework; path = System/Library/Frameworks/Foundation.framework; sourceTree = SDKROOT; };
		AA55468C1979F2CD00E7CF12 /* CoreGraphics.framework */ = {isa = PBXFileReference; lastKnownFileType = wrapper.framework; name = CoreGraphics.framework; path = System/Library/Frameworks/CoreGraphics.framework; sourceTree = SDKROOT; };
		AA55468E1979F2CD00E7CF12 /* UIKit.framework */ = {isa = PBXFileReference; lastKnownFileType = wrapper.framework; name = UIKit.framework; path = System/Library/Frameworks/UIKit.framework; sourceTree = SDKROOT; };
		AA5546921979F2CE00E7CF12 /* Carhub-Info.plist */ = {isa = PBXFileReference; lastKnownFileType = text.plist.xml; path = "Carhub-Info.plist"; sourceTree = "<group>"; };
		AA5546941979F2CE00E7CF12 /* en */ = {isa = PBXFileReference; lastKnownFileType = text.plist.strings; name = en; path = en.lproj/InfoPlist.strings; sourceTree = "<group>"; };
		AA5546961979F2CE00E7CF12 /* main.m */ = {isa = PBXFileReference; lastKnownFileType = sourcecode.c.objc; path = main.m; sourceTree = "<group>"; };
		AA5546981979F2CE00E7CF12 /* Carhub-Prefix.pch */ = {isa = PBXFileReference; lastKnownFileType = sourcecode.c.h; path = "Carhub-Prefix.pch"; sourceTree = "<group>"; };
		AA5546991979F2CE00E7CF12 /* AppDelegate.h */ = {isa = PBXFileReference; lastKnownFileType = sourcecode.c.h; path = AppDelegate.h; sourceTree = "<group>"; };
		AA55469A1979F2CE00E7CF12 /* AppDelegate.m */ = {isa = PBXFileReference; lastKnownFileType = sourcecode.c.objc; path = AppDelegate.m; sourceTree = "<group>"; };
		AA5546A21979F2CE00E7CF12 /* Images.xcassets */ = {isa = PBXFileReference; lastKnownFileType = folder.assetcatalog; path = Images.xcassets; sourceTree = "<group>"; };
		AA5546A81979F2CE00E7CF12 /* CarhubTests.xctest */ = {isa = PBXFileReference; explicitFileType = wrapper.cfbundle; includeInIndex = 0; path = CarhubTests.xctest; sourceTree = BUILT_PRODUCTS_DIR; };
		AA5546A91979F2CE00E7CF12 /* XCTest.framework */ = {isa = PBXFileReference; lastKnownFileType = wrapper.framework; name = XCTest.framework; path = Library/Frameworks/XCTest.framework; sourceTree = DEVELOPER_DIR; };
		AA5546B11979F2CE00E7CF12 /* CarhubTests-Info.plist */ = {isa = PBXFileReference; lastKnownFileType = text.plist.xml; path = "CarhubTests-Info.plist"; sourceTree = "<group>"; };
		AA5546B31979F2CE00E7CF12 /* en */ = {isa = PBXFileReference; lastKnownFileType = text.plist.strings; name = en; path = en.lproj/InfoPlist.strings; sourceTree = "<group>"; };
		AA5546B51979F2CE00E7CF12 /* CarhubTests.m */ = {isa = PBXFileReference; lastKnownFileType = sourcecode.c.objc; path = CarhubTests.m; sourceTree = "<group>"; };
		AA5B1C27199AD1EE001912CC /* CoreData.framework */ = {isa = PBXFileReference; lastKnownFileType = wrapper.framework; name = CoreData.framework; path = System/Library/Frameworks/CoreData.framework; sourceTree = SDKROOT; };
		AA5B1C29199AD1F6001912CC /* SystemConfiguration.framework */ = {isa = PBXFileReference; lastKnownFileType = wrapper.framework; name = SystemConfiguration.framework; path = System/Library/Frameworks/SystemConfiguration.framework; sourceTree = SDKROOT; };
		AA5B1C2B199AD1FE001912CC /* libz.dylib */ = {isa = PBXFileReference; lastKnownFileType = "compiled.mach-o.dylib"; name = libz.dylib; path = usr/lib/libz.dylib; sourceTree = SDKROOT; };
		AA7348E819B1503600A119B2 /* QuartzCore.framework */ = {isa = PBXFileReference; lastKnownFileType = wrapper.framework; name = QuartzCore.framework; path = System/Library/Frameworks/QuartzCore.framework; sourceTree = SDKROOT; };
		AA787E4F19AED44F00E36107 /* News icon.png */ = {isa = PBXFileReference; lastKnownFileType = image.png; path = "News icon.png"; sourceTree = "<group>"; };
		AA787E5719AED59000E36107 /* Tab bar favorites icon.png */ = {isa = PBXFileReference; lastKnownFileType = image.png; path = "Tab bar favorites icon.png"; sourceTree = "<group>"; };
		AA787E5819AED59000E36107 /* Tab bar search icon.png */ = {isa = PBXFileReference; lastKnownFileType = image.png; path = "Tab bar search icon.png"; sourceTree = "<group>"; };
		AA787E5919AED59000E36107 /* Top tens tab bar icon.png */ = {isa = PBXFileReference; lastKnownFileType = image.png; path = "Top tens tab bar icon.png"; sourceTree = "<group>"; };
		AA787E5D19AED61B00E36107 /* garage-32.png */ = {isa = PBXFileReference; lastKnownFileType = image.png; path = "garage-32.png"; sourceTree = "<group>"; };
		AA8D9E551980A75600AAB3E2 /* iAd.framework */ = {isa = PBXFileReference; lastKnownFileType = wrapper.framework; name = iAd.framework; path = System/Library/Frameworks/iAd.framework; sourceTree = SDKROOT; };
		AA8D9E5A1980B3AE00AAB3E2 /* TopTensViewController.h */ = {isa = PBXFileReference; fileEncoding = 4; lastKnownFileType = sourcecode.c.h; path = TopTensViewController.h; sourceTree = "<group>"; };
		AA8D9E5B1980B3AE00AAB3E2 /* TopTensViewController.m */ = {isa = PBXFileReference; fileEncoding = 4; lastKnownFileType = sourcecode.c.objc; path = TopTensViewController.m; sourceTree = "<group>"; };
		AAB744E1198318BF00A8545A /* MainStoryboard4.storyboard */ = {isa = PBXFileReference; fileEncoding = 4; lastKnownFileType = file.storyboard; path = MainStoryboard4.storyboard; sourceTree = "<group>"; };
		AAD406C719B137BB001D5192 /* Metal Background.jpg */ = {isa = PBXFileReference; lastKnownFileType = image.jpeg; path = "Metal Background.jpg"; sourceTree = "<group>"; };
		AAD406C919B13B7B001D5192 /* iTunesArtwork.png */ = {isa = PBXFileReference; lastKnownFileType = image.png; path = iTunesArtwork.png; sourceTree = "<group>"; };
/* End PBXFileReference section */

/* Begin PBXFrameworksBuildPhase section */
		AA5546841979F2CD00E7CF12 /* Frameworks */ = {
			isa = PBXFrameworksBuildPhase;
			buildActionMask = 2147483647;
			files = (
				AA7348E919B1503600A119B2 /* QuartzCore.framework in Frameworks */,
				AA5B1C2C199AD1FE001912CC /* libz.dylib in Frameworks */,
				AA5B1C2A199AD1F6001912CC /* SystemConfiguration.framework in Frameworks */,
				AA5B1C28199AD1EE001912CC /* CoreData.framework in Frameworks */,
				38CCEA82198432C300A157EA /* MessageUI.framework in Frameworks */,
				AA8D9E561980A75600AAB3E2 /* iAd.framework in Frameworks */,
				AA55468D1979F2CD00E7CF12 /* CoreGraphics.framework in Frameworks */,
				AA55468F1979F2CD00E7CF12 /* UIKit.framework in Frameworks */,
				AA55468B1979F2CD00E7CF12 /* Foundation.framework in Frameworks */,
			);
			runOnlyForDeploymentPostprocessing = 0;
		};
		AA5546A51979F2CE00E7CF12 /* Frameworks */ = {
			isa = PBXFrameworksBuildPhase;
			buildActionMask = 2147483647;
			files = (
				AA5546AA1979F2CE00E7CF12 /* XCTest.framework in Frameworks */,
				AA5546AC1979F2CE00E7CF12 /* UIKit.framework in Frameworks */,
				AA5546AB1979F2CE00E7CF12 /* Foundation.framework in Frameworks */,
			);
			runOnlyForDeploymentPostprocessing = 0;
		};
/* End PBXFrameworksBuildPhase section */

/* Begin PBXGroup section */
		AA55467E1979F2CD00E7CF12 = {
			isa = PBXGroup;
			children = (
				AA5546901979F2CE00E7CF12 /* Carhub */,
				AA5546AF1979F2CE00E7CF12 /* CarhubTests */,
				AA5546891979F2CD00E7CF12 /* Frameworks */,
				AA5546881979F2CD00E7CF12 /* Products */,
			);
			sourceTree = "<group>";
		};
		AA5546881979F2CD00E7CF12 /* Products */ = {
			isa = PBXGroup;
			children = (
				AA5546871979F2CD00E7CF12 /* Carhub.app */,
				AA5546A81979F2CE00E7CF12 /* CarhubTests.xctest */,
			);
			name = Products;
			sourceTree = "<group>";
		};
		AA5546891979F2CD00E7CF12 /* Frameworks */ = {
			isa = PBXGroup;
			children = (
				AA7348E819B1503600A119B2 /* QuartzCore.framework */,
				AA5B1C2B199AD1FE001912CC /* libz.dylib */,
				AA5B1C29199AD1F6001912CC /* SystemConfiguration.framework */,
				AA5B1C27199AD1EE001912CC /* CoreData.framework */,
				38CCEA81198432C300A157EA /* MessageUI.framework */,
				AA8D9E551980A75600AAB3E2 /* iAd.framework */,
				AA55468A1979F2CD00E7CF12 /* Foundation.framework */,
				AA55468C1979F2CD00E7CF12 /* CoreGraphics.framework */,
				AA55468E1979F2CD00E7CF12 /* UIKit.framework */,
				AA5546A91979F2CE00E7CF12 /* XCTest.framework */,
			);
			name = Frameworks;
			sourceTree = "<group>";
		};
		AA5546901979F2CE00E7CF12 /* Carhub */ = {
			isa = PBXGroup;
			children = (
				AA5546991979F2CE00E7CF12 /* AppDelegate.h */,
				AA55469A1979F2CE00E7CF12 /* AppDelegate.m */,
				AA5546A21979F2CE00E7CF12 /* Images.xcassets */,
				AA5546911979F2CE00E7CF12 /* Supporting Files */,
				385C1404197B3FDA003BBB09 /* MainStoryboard.storyboard */,
				AAB744E1198318BF00A8545A /* MainStoryboard4.storyboard */,
				38595DA1197C710300AA0BF9 /* MakesViewController.h */,
				38595DA2197C710300AA0BF9 /* MakesViewController.m */,
				383F2EFD19835CAA001A9E92 /* MakesViewController2.h */,
				383F2EFE19835CAA001A9E92 /* MakesViewController2.m */,
				38D2B8C819A58EBA004D0687 /* MakeViewController.h */,
				38D2B8C919A58EBA004D0687 /* MakeViewController.m */,
				385C1401197B3F76003BBB09 /* Make.h */,
				385C1402197B3F76003BBB09 /* Make.m */,
				38C0784619B4291C00DEC284 /* Model.h */,
				38C0784719B4291C00DEC284 /* Model.m */,
				38AEE96419A82B4B00792503 /* News.h */,
				38AEE96519A82B4B00792503 /* News.m */,
				AA8D9E5A1980B3AE00AAB3E2 /* TopTensViewController.h */,
				AA8D9E5B1980B3AE00AAB3E2 /* TopTensViewController.m */,
				38CCEA8619843FF000A157EA /* TopTensViewController2.h */,
				38CCEA8719843FF000A157EA /* TopTensViewController2.m */,
				385C141B197BBC32003BBB09 /* DetailViewController.h */,
				385C141C197BBC32003BBB09 /* DetailViewController.m */,
				383F2F001983618C001A9E92 /* DetailViewController2.h */,
				383F2F011983618C001A9E92 /* DetailViewController2.m */,
				38A09C1E197F62C700254457 /* CompareViewController.h */,
				38A09C1F197F62C700254457 /* CompareViewController.m */,
				383F2F0319836923001A9E92 /* CompareViewController2.h */,
				383F2F0419836923001A9E92 /* CompareViewController2.m */,
				38A667D719858E69008B2A69 /* ImageViewController.h */,
				38A667D819858E69008B2A69 /* ImageViewController.m */,
				38A667DA198594C0008B2A69 /* CompareImageViewController1.h */,
				38A667DB198594C0008B2A69 /* CompareImageViewController1.m */,
				38CCEA831984356600A157EA /* DisputeInfoViewController.h */,
				38CCEA841984356600A157EA /* DisputeInfoViewController.m */,
				38CCEA8B19844AB900A157EA /* DisputeInfoViewController2.h */,
				38CCEA8C19844AB900A157EA /* DisputeInfoViewController2.m */,
				38595D9B197C4D4200AA0BF9 /* CarViewCell.h */,
				38595D9C197C4D4200AA0BF9 /* CarViewCell.m */,
				38595DA4197C73A700AA0BF9 /* BackgroundLayer.h */,
				38595DA5197C73A700AA0BF9 /* BackgroundLayer.m */,
				385C1418197BBB3A003BBB09 /* AcuraViewController.h */,
				385C1419197BBB3A003BBB09 /* AcuraViewController.m */,
				38D2B8CB19A58F56004D0687 /* MakeCell.h */,
				38D2B8CC19A58F56004D0687 /* MakeCell.m */,
				38D2B8D119A58FB5004D0687 /* ModelViewController.h */,
				38D2B8D219A58FB5004D0687 /* ModelViewController.m */,
				38AEE95E19A81C1D00792503 /* SearchViewController.h */,
				38AEE95F19A81C1D00792503 /* SearchViewController.m */,
				38AEE96119A8284200792503 /* NewsViewController.h */,
				38AEE96219A8284200792503 /* NewsViewController.m */,
				38AEE96719A84F0500792503 /* NewsDetailViewController.h */,
				38AEE96819A84F0500792503 /* NewsDetailViewController.m */,
				38BABF5D19A96B210054B1EC /* FavoritesViewController.h */,
				38BABF5E19A96B210054B1EC /* FavoritesViewController.m */,
				38B9D34F19AA6EBF00255038 /* FavoritesClass.h */,
				38B9D35019AA6EBF00255038 /* FavoritesClass.m */,
			);
			path = Carhub;
			sourceTree = "<group>";
		};
		AA5546911979F2CE00E7CF12 /* Supporting Files */ = {
			isa = PBXGroup;
			children = (
				AAD406C919B13B7B001D5192 /* iTunesArtwork.png */,
				386AF24419B2A07C00DECEEE /* 0-60 Icon.png */,
				386AF24519B2A07C00DECEEE /* dollarsign.png */,
				386AF24619B2A07C00DECEEE /* Drive Type Icon.png */,
				386AF24719B2A07C00DECEEE /* Engine Icon.png */,
				386AF24819B2A07C00DECEEE /* horse_PNG2553.png */,
				386AF24919B2A07C00DECEEE /* Horsepower Icon.png */,
				386AF24A19B2A07C00DECEEE /* moneystack.png */,
				386AF24B19B2A07C00DECEEE /* Nurburgring.png */,
				386AF24C19B2A07C00DECEEE /* Price Icon.jpg */,
				386AF24D19B2A07C00DECEEE /* price icon.png */,
				386AF24E19B2A07C00DECEEE /* racing-christmas-tree-hi.png */,
				386AF24F19B2A07C00DECEEE /* RcA6RKnAi.png */,
				386AF25019B2A07C00DECEEE /* Sickly_Speedometer.png */,
				386AF25119B2A07C00DECEEE /* Sport-Activities-Stopwatch-icon.png */,
				386AF25219B2A07C00DECEEE /* stopwatch icon.png */,
				386AF25319B2A07C00DECEEE /* Top Speed icon.png */,
				386AF25419B2A07C00DECEEE /* Transmission Icon.png */,
				386AF25519B2A07C00DECEEE /* weight Icon.png */,
				386AF25619B2A07C00DECEEE /* Years Made Icon.png */,
				AAD406C719B137BB001D5192 /* Metal Background.jpg */,
				AA787E5D19AED61B00E36107 /* garage-32.png */,
				AA787E5719AED59000E36107 /* Tab bar favorites icon.png */,
				AA787E5819AED59000E36107 /* Tab bar search icon.png */,
				AA787E5919AED59000E36107 /* Top tens tab bar icon.png */,
				AA787E4F19AED44F00E36107 /* News icon.png */,
				AA5546921979F2CE00E7CF12 /* Carhub-Info.plist */,
				AA5546931979F2CE00E7CF12 /* InfoPlist.strings */,
				AA5546961979F2CE00E7CF12 /* main.m */,
				AA5546981979F2CE00E7CF12 /* Carhub-Prefix.pch */,
			);
			name = "Supporting Files";
			sourceTree = "<group>";
		};
		AA5546AF1979F2CE00E7CF12 /* CarhubTests */ = {
			isa = PBXGroup;
			children = (
				AA5546B51979F2CE00E7CF12 /* CarhubTests.m */,
				AA5546B01979F2CE00E7CF12 /* Supporting Files */,
			);
			path = CarhubTests;
			sourceTree = "<group>";
		};
		AA5546B01979F2CE00E7CF12 /* Supporting Files */ = {
			isa = PBXGroup;
			children = (
				AA5546B11979F2CE00E7CF12 /* CarhubTests-Info.plist */,
				AA5546B21979F2CE00E7CF12 /* InfoPlist.strings */,
			);
			name = "Supporting Files";
			sourceTree = "<group>";
		};
/* End PBXGroup section */

/* Begin PBXNativeTarget section */
		AA5546861979F2CD00E7CF12 /* Carhub */ = {
			isa = PBXNativeTarget;
			buildConfigurationList = AA5546B91979F2CE00E7CF12 /* Build configuration list for PBXNativeTarget "Carhub" */;
			buildPhases = (
				AA5546831979F2CD00E7CF12 /* Sources */,
				AA5546851979F2CD00E7CF12 /* Resources */,
				AA5546841979F2CD00E7CF12 /* Frameworks */,
			);
			buildRules = (
			);
			dependencies = (
			);
			name = Carhub;
			productName = Carhub;
			productReference = AA5546871979F2CD00E7CF12 /* Carhub.app */;
			productType = "com.apple.product-type.application";
		};
		AA5546A71979F2CE00E7CF12 /* CarhubTests */ = {
			isa = PBXNativeTarget;
			buildConfigurationList = AA5546BC1979F2CE00E7CF12 /* Build configuration list for PBXNativeTarget "CarhubTests" */;
			buildPhases = (
				AA5546A41979F2CE00E7CF12 /* Sources */,
				AA5546A51979F2CE00E7CF12 /* Frameworks */,
				AA5546A61979F2CE00E7CF12 /* Resources */,
			);
			buildRules = (
			);
			dependencies = (
				AA5546AE1979F2CE00E7CF12 /* PBXTargetDependency */,
			);
			name = CarhubTests;
			productName = CarhubTests;
			productReference = AA5546A81979F2CE00E7CF12 /* CarhubTests.xctest */;
			productType = "com.apple.product-type.bundle.unit-test";
		};
/* End PBXNativeTarget section */

/* Begin PBXProject section */
		AA55467F1979F2CD00E7CF12 /* Project object */ = {
			isa = PBXProject;
			attributes = {
				LastUpgradeCheck = 0510;
				ORGANIZATIONNAME = "Ham Applications";
				TargetAttributes = {
					AA5546861979F2CD00E7CF12 = {
						DevelopmentTeam = 2QW264D9MD;
						SystemCapabilities = {
							com.apple.InAppPurchase = {
								enabled = 0;
							};
						};
					};
					AA5546A71979F2CE00E7CF12 = {
						TestTargetID = AA5546861979F2CD00E7CF12;
					};
				};
			};
			buildConfigurationList = AA5546821979F2CD00E7CF12 /* Build configuration list for PBXProject "Carhub" */;
			compatibilityVersion = "Xcode 3.2";
			developmentRegion = English;
			hasScannedForEncodings = 0;
			knownRegions = (
				en,
				Base,
			);
			mainGroup = AA55467E1979F2CD00E7CF12;
			productRefGroup = AA5546881979F2CD00E7CF12 /* Products */;
			projectDirPath = "";
			projectRoot = "";
			targets = (
				AA5546861979F2CD00E7CF12 /* Carhub */,
				AA5546A71979F2CE00E7CF12 /* CarhubTests */,
			);
		};
/* End PBXProject section */

/* Begin PBXResourcesBuildPhase section */
		AA5546851979F2CD00E7CF12 /* Resources */ = {
			isa = PBXResourcesBuildPhase;
			buildActionMask = 2147483647;
			files = (
				386AF26619B2A07C00DECEEE /* Top Speed icon.png in Resources */,
				AA787E5319AED44F00E36107 /* News icon.png in Resources */,
				386AF26019B2A07C00DECEEE /* price icon.png in Resources */,
				386AF26719B2A07C00DECEEE /* Transmission Icon.png in Resources */,
				386AF26819B2A07C00DECEEE /* weight Icon.png in Resources */,
				AA787E5A19AED59000E36107 /* Tab bar favorites icon.png in Resources */,
				386AF25A19B2A07C00DECEEE /* Engine Icon.png in Resources */,
				386AF26319B2A07C00DECEEE /* Sickly_Speedometer.png in Resources */,
				AAB744E2198318BF00A8545A /* MainStoryboard4.storyboard in Resources */,
				386AF26119B2A07C00DECEEE /* racing-christmas-tree-hi.png in Resources */,
				386AF26519B2A07C00DECEEE /* stopwatch icon.png in Resources */,
				386AF25E19B2A07C00DECEEE /* Nurburgring.png in Resources */,
				AAD406CA19B13B7B001D5192 /* iTunesArtwork.png in Resources */,
				386AF25719B2A07C00DECEEE /* 0-60 Icon.png in Resources */,
				386AF25919B2A07C00DECEEE /* Drive Type Icon.png in Resources */,
				385C1405197B3FDA003BBB09 /* MainStoryboard.storyboard in Resources */,
				386AF25C19B2A07C00DECEEE /* Horsepower Icon.png in Resources */,
				386AF26419B2A07C00DECEEE /* Sport-Activities-Stopwatch-icon.png in Resources */,
				386AF26919B2A07C00DECEEE /* Years Made Icon.png in Resources */,
				386AF25D19B2A07C00DECEEE /* moneystack.png in Resources */,
				386AF25B19B2A07C00DECEEE /* horse_PNG2553.png in Resources */,
				AA5546A31979F2CE00E7CF12 /* Images.xcassets in Resources */,
				386AF25F19B2A07C00DECEEE /* Price Icon.jpg in Resources */,
				AA787E5E19AED61B00E36107 /* garage-32.png in Resources */,
				AA787E5B19AED59000E36107 /* Tab bar search icon.png in Resources */,
				AA5546951979F2CE00E7CF12 /* InfoPlist.strings in Resources */,
				AAD406C819B137BB001D5192 /* Metal Background.jpg in Resources */,
				AA787E5C19AED59000E36107 /* Top tens tab bar icon.png in Resources */,
				386AF26219B2A07C00DECEEE /* RcA6RKnAi.png in Resources */,
				386AF25819B2A07C00DECEEE /* dollarsign.png in Resources */,
			);
			runOnlyForDeploymentPostprocessing = 0;
		};
		AA5546A61979F2CE00E7CF12 /* Resources */ = {
			isa = PBXResourcesBuildPhase;
			buildActionMask = 2147483647;
			files = (
				AAB744D61983167800A8545A /* MainStoryboard.storyboard in Resources */,
				AA5546B41979F2CE00E7CF12 /* InfoPlist.strings in Resources */,
				AAB744E3198318BF00A8545A /* MainStoryboard4.storyboard in Resources */,
			);
			runOnlyForDeploymentPostprocessing = 0;
		};
/* End PBXResourcesBuildPhase section */

/* Begin PBXSourcesBuildPhase section */
		AA5546831979F2CD00E7CF12 /* Sources */ = {
			isa = PBXSourcesBuildPhase;
			buildActionMask = 2147483647;
			files = (
				38AEE96619A82B4B00792503 /* News.m in Sources */,
				38A667D919858E69008B2A69 /* ImageViewController.m in Sources */,
				38595D9D197C4D4200AA0BF9 /* CarViewCell.m in Sources */,
				385C141D197BBC32003BBB09 /* DetailViewController.m in Sources */,
				38AEE96319A8284200792503 /* NewsViewController.m in Sources */,
				38CCEA8D19844AB900A157EA /* DisputeInfoViewController2.m in Sources */,
				38595DA3197C710300AA0BF9 /* MakesViewController.m in Sources */,
				383F2EFF19835CAA001A9E92 /* MakesViewController2.m in Sources */,
				AA55469B1979F2CE00E7CF12 /* AppDelegate.m in Sources */,
				AA8D9E5C1980B3AE00AAB3E2 /* TopTensViewController.m in Sources */,
				38C0784819B4291C00DEC284 /* Model.m in Sources */,
				38D2B8CD19A58F56004D0687 /* MakeCell.m in Sources */,
				383F2F021983618C001A9E92 /* DetailViewController2.m in Sources */,
				38AEE96919A84F0500792503 /* NewsDetailViewController.m in Sources */,
				38CCEA8819843FF000A157EA /* TopTensViewController2.m in Sources */,
				385C141A197BBB3A003BBB09 /* AcuraViewController.m in Sources */,
				38CCEA851984356600A157EA /* DisputeInfoViewController.m in Sources */,
				38D2B8CA19A58EBA004D0687 /* MakeViewController.m in Sources */,
				38A667DC198594C0008B2A69 /* CompareImageViewController1.m in Sources */,
				38595DA6197C73A700AA0BF9 /* BackgroundLayer.m in Sources */,
				385C1403197B3F76003BBB09 /* Make.m in Sources */,
				38A09C20197F62C700254457 /* CompareViewController.m in Sources */,
				AA5546971979F2CE00E7CF12 /* main.m in Sources */,
				38BABF5F19A96B210054B1EC /* FavoritesViewController.m in Sources */,
				38B9D35119AA6EBF00255038 /* FavoritesClass.m in Sources */,
				38D2B8D319A58FB5004D0687 /* ModelViewController.m in Sources */,
				383F2F0519836923001A9E92 /* CompareViewController2.m in Sources */,
				38AEE96019A81C1D00792503 /* SearchViewController.m in Sources */,
			);
			runOnlyForDeploymentPostprocessing = 0;
		};
		AA5546A41979F2CE00E7CF12 /* Sources */ = {
			isa = PBXSourcesBuildPhase;
			buildActionMask = 2147483647;
			files = (
				AA5546B61979F2CE00E7CF12 /* CarhubTests.m in Sources */,
			);
			runOnlyForDeploymentPostprocessing = 0;
		};
/* End PBXSourcesBuildPhase section */

/* Begin PBXTargetDependency section */
		AA5546AE1979F2CE00E7CF12 /* PBXTargetDependency */ = {
			isa = PBXTargetDependency;
			target = AA5546861979F2CD00E7CF12 /* Carhub */;
			targetProxy = AA5546AD1979F2CE00E7CF12 /* PBXContainerItemProxy */;
		};
/* End PBXTargetDependency section */

/* Begin PBXVariantGroup section */
		AA5546931979F2CE00E7CF12 /* InfoPlist.strings */ = {
			isa = PBXVariantGroup;
			children = (
				AA5546941979F2CE00E7CF12 /* en */,
			);
			name = InfoPlist.strings;
			sourceTree = "<group>";
		};
		AA5546B21979F2CE00E7CF12 /* InfoPlist.strings */ = {
			isa = PBXVariantGroup;
			children = (
				AA5546B31979F2CE00E7CF12 /* en */,
			);
			name = InfoPlist.strings;
			sourceTree = "<group>";
		};
/* End PBXVariantGroup section */

/* Begin XCBuildConfiguration section */
		AA5546B71979F2CE00E7CF12 /* Debug */ = {
			isa = XCBuildConfiguration;
			buildSettings = {
				ALWAYS_SEARCH_USER_PATHS = NO;
				CLANG_CXX_LANGUAGE_STANDARD = "gnu++0x";
				CLANG_CXX_LIBRARY = "libc++";
				CLANG_ENABLE_MODULES = YES;
				CLANG_ENABLE_OBJC_ARC = YES;
				CLANG_WARN_BOOL_CONVERSION = YES;
				CLANG_WARN_CONSTANT_CONVERSION = YES;
				CLANG_WARN_DIRECT_OBJC_ISA_USAGE = YES_ERROR;
				CLANG_WARN_EMPTY_BODY = YES;
				CLANG_WARN_ENUM_CONVERSION = YES;
				CLANG_WARN_INT_CONVERSION = YES;
				CLANG_WARN_OBJC_ROOT_CLASS = YES_ERROR;
				CLANG_WARN__DUPLICATE_METHOD_MATCH = YES;
				CODE_SIGN_IDENTITY = "iPhone Developer: Orland Esval (VLZ6936QRM)";
				"CODE_SIGN_IDENTITY[sdk=iphoneos*]" = "iPhone Developer: Orland Esval (VLZ6936QRM)";
				COPY_PHASE_STRIP = NO;
				GCC_C_LANGUAGE_STANDARD = gnu99;
				GCC_DYNAMIC_NO_PIC = NO;
				GCC_OPTIMIZATION_LEVEL = 0;
				GCC_PREPROCESSOR_DEFINITIONS = (
					"DEBUG=1",
					"$(inherited)",
				);
				GCC_SYMBOLS_PRIVATE_EXTERN = NO;
				GCC_WARN_64_TO_32_BIT_CONVERSION = YES;
				GCC_WARN_ABOUT_RETURN_TYPE = YES_ERROR;
				GCC_WARN_UNDECLARED_SELECTOR = YES;
				GCC_WARN_UNINITIALIZED_AUTOS = YES_AGGRESSIVE;
				GCC_WARN_UNUSED_FUNCTION = YES;
				GCC_WARN_UNUSED_VARIABLE = YES;
				IPHONEOS_DEPLOYMENT_TARGET = 7.1;
				ONLY_ACTIVE_ARCH = YES;
				SDKROOT = iphoneos;
			};
			name = Debug;
		};
		AA5546B81979F2CE00E7CF12 /* Release */ = {
			isa = XCBuildConfiguration;
			buildSettings = {
				ALWAYS_SEARCH_USER_PATHS = NO;
				CLANG_CXX_LANGUAGE_STANDARD = "gnu++0x";
				CLANG_CXX_LIBRARY = "libc++";
				CLANG_ENABLE_MODULES = YES;
				CLANG_ENABLE_OBJC_ARC = YES;
				CLANG_WARN_BOOL_CONVERSION = YES;
				CLANG_WARN_CONSTANT_CONVERSION = YES;
				CLANG_WARN_DIRECT_OBJC_ISA_USAGE = YES_ERROR;
				CLANG_WARN_EMPTY_BODY = YES;
				CLANG_WARN_ENUM_CONVERSION = YES;
				CLANG_WARN_INT_CONVERSION = YES;
				CLANG_WARN_OBJC_ROOT_CLASS = YES_ERROR;
				CLANG_WARN__DUPLICATE_METHOD_MATCH = YES;
				CODE_SIGN_IDENTITY = "iPhone Developer: Orland Esval (VLZ6936QRM)";
				"CODE_SIGN_IDENTITY[sdk=iphoneos*]" = "iPhone Developer: Orland Esval (VLZ6936QRM)";
				COPY_PHASE_STRIP = YES;
				ENABLE_NS_ASSERTIONS = NO;
				GCC_C_LANGUAGE_STANDARD = gnu99;
				GCC_WARN_64_TO_32_BIT_CONVERSION = YES;
				GCC_WARN_ABOUT_RETURN_TYPE = YES_ERROR;
				GCC_WARN_UNDECLARED_SELECTOR = YES;
				GCC_WARN_UNINITIALIZED_AUTOS = YES_AGGRESSIVE;
				GCC_WARN_UNUSED_FUNCTION = YES;
				GCC_WARN_UNUSED_VARIABLE = YES;
				IPHONEOS_DEPLOYMENT_TARGET = 7.1;
				SDKROOT = iphoneos;
				VALIDATE_PRODUCT = YES;
			};
			name = Release;
		};
		AA5546BA1979F2CE00E7CF12 /* Debug */ = {
			isa = XCBuildConfiguration;
			buildSettings = {
				ASSETCATALOG_COMPILER_APPICON_NAME = AppIcon;
				ASSETCATALOG_COMPILER_LAUNCHIMAGE_NAME = LaunchImage;
				CLANG_ENABLE_OBJC_ARC = YES;
				CODE_SIGN_IDENTITY = "iPhone Developer";
				"CODE_SIGN_IDENTITY[sdk=iphoneos*]" = "iPhone Developer";
				GCC_PRECOMPILE_PREFIX_HEADER = YES;
				GCC_PREFIX_HEADER = "Carhub/Carhub-Prefix.pch";
				INFOPLIST_FILE = "Carhub/Carhub-Info.plist";
				PRODUCT_NAME = "$(TARGET_NAME)";
				PROVISIONING_PROFILE = "";
				TARGETED_DEVICE_FAMILY = 1;
				WRAPPER_EXTENSION = app;
			};
			name = Debug;
		};
		AA5546BB1979F2CE00E7CF12 /* Release */ = {
			isa = XCBuildConfiguration;
			buildSettings = {
				ASSETCATALOG_COMPILER_APPICON_NAME = AppIcon;
				ASSETCATALOG_COMPILER_LAUNCHIMAGE_NAME = LaunchImage;
				CLANG_ENABLE_OBJC_ARC = YES;
				CODE_SIGN_IDENTITY = "iPhone Developer";
				"CODE_SIGN_IDENTITY[sdk=iphoneos*]" = "iPhone Developer";
				GCC_PRECOMPILE_PREFIX_HEADER = YES;
				GCC_PREFIX_HEADER = "Carhub/Carhub-Prefix.pch";
				INFOPLIST_FILE = "Carhub/Carhub-Info.plist";
				PRODUCT_NAME = "$(TARGET_NAME)";
				PROVISIONING_PROFILE = "";
				TARGETED_DEVICE_FAMILY = 1;
				WRAPPER_EXTENSION = app;
			};
			name = Release;
		};
		AA5546BD1979F2CE00E7CF12 /* Debug */ = {
			isa = XCBuildConfiguration;
			buildSettings = {
				BUNDLE_LOADER = "$(BUILT_PRODUCTS_DIR)/Carhub.app/Carhub";
				FRAMEWORK_SEARCH_PATHS = (
					"$(SDKROOT)/Developer/Library/Frameworks",
					"$(inherited)",
					"$(DEVELOPER_FRAMEWORKS_DIR)",
				);
				GCC_PRECOMPILE_PREFIX_HEADER = YES;
				GCC_PREFIX_HEADER = "Carhub/Carhub-Prefix.pch";
				GCC_PREPROCESSOR_DEFINITIONS = (
					"DEBUG=1",
					"$(inherited)",
				);
				INFOPLIST_FILE = "CarhubTests/CarhubTests-Info.plist";
				PRODUCT_NAME = "$(TARGET_NAME)";
				TEST_HOST = "$(BUNDLE_LOADER)";
				WRAPPER_EXTENSION = xctest;
			};
			name = Debug;
		};
		AA5546BE1979F2CE00E7CF12 /* Release */ = {
			isa = XCBuildConfiguration;
			buildSettings = {
				BUNDLE_LOADER = "$(BUILT_PRODUCTS_DIR)/Carhub.app/Carhub";
				FRAMEWORK_SEARCH_PATHS = (
					"$(SDKROOT)/Developer/Library/Frameworks",
					"$(inherited)",
					"$(DEVELOPER_FRAMEWORKS_DIR)",
				);
				GCC_PRECOMPILE_PREFIX_HEADER = YES;
				GCC_PREFIX_HEADER = "Carhub/Carhub-Prefix.pch";
				INFOPLIST_FILE = "CarhubTests/CarhubTests-Info.plist";
				PRODUCT_NAME = "$(TARGET_NAME)";
				TEST_HOST = "$(BUNDLE_LOADER)";
				WRAPPER_EXTENSION = xctest;
			};
			name = Release;
		};
		AAB305021985B2EF002C5526 /* Distribution */ = {
			isa = XCBuildConfiguration;
			buildSettings = {
				ALWAYS_SEARCH_USER_PATHS = NO;
				CLANG_CXX_LANGUAGE_STANDARD = "gnu++0x";
				CLANG_CXX_LIBRARY = "libc++";
				CLANG_ENABLE_MODULES = YES;
				CLANG_ENABLE_OBJC_ARC = YES;
				CLANG_WARN_BOOL_CONVERSION = YES;
				CLANG_WARN_CONSTANT_CONVERSION = YES;
				CLANG_WARN_DIRECT_OBJC_ISA_USAGE = YES_ERROR;
				CLANG_WARN_EMPTY_BODY = YES;
				CLANG_WARN_ENUM_CONVERSION = YES;
				CLANG_WARN_INT_CONVERSION = YES;
				CLANG_WARN_OBJC_ROOT_CLASS = YES_ERROR;
				CLANG_WARN__DUPLICATE_METHOD_MATCH = YES;
				CODE_SIGN_IDENTITY = "iPhone Developer: Orland Esval (VLZ6936QRM)";
				"CODE_SIGN_IDENTITY[sdk=iphoneos*]" = "iPhone Developer: Orland Esval (VLZ6936QRM)";
				COPY_PHASE_STRIP = YES;
				ENABLE_NS_ASSERTIONS = NO;
				GCC_C_LANGUAGE_STANDARD = gnu99;
				GCC_WARN_64_TO_32_BIT_CONVERSION = YES;
				GCC_WARN_ABOUT_RETURN_TYPE = YES_ERROR;
				GCC_WARN_UNDECLARED_SELECTOR = YES;
				GCC_WARN_UNINITIALIZED_AUTOS = YES_AGGRESSIVE;
				GCC_WARN_UNUSED_FUNCTION = YES;
				GCC_WARN_UNUSED_VARIABLE = YES;
				IPHONEOS_DEPLOYMENT_TARGET = 7.1;
				SDKROOT = iphoneos;
				VALIDATE_PRODUCT = YES;
			};
			name = Distribution;
		};
		AAB305031985B2EF002C5526 /* Distribution */ = {
			isa = XCBuildConfiguration;
			buildSettings = {
				ASSETCATALOG_COMPILER_APPICON_NAME = AppIcon;
				ASSETCATALOG_COMPILER_LAUNCHIMAGE_NAME = LaunchImage;
				CLANG_ENABLE_OBJC_ARC = YES;
				CODE_SIGN_IDENTITY = "iPhone Developer";
				"CODE_SIGN_IDENTITY[sdk=iphoneos*]" = "iPhone Developer";
				GCC_PRECOMPILE_PREFIX_HEADER = YES;
				GCC_PREFIX_HEADER = "Carhub/Carhub-Prefix.pch";
				INFOPLIST_FILE = "Carhub/Carhub-Info.plist";
				PRODUCT_NAME = "$(TARGET_NAME)";
				PROVISIONING_PROFILE = "";
				TARGETED_DEVICE_FAMILY = 1;
				WRAPPER_EXTENSION = app;
			};
			name = Distribution;
		};
		AAB305041985B2EF002C5526 /* Distribution */ = {
			isa = XCBuildConfiguration;
			buildSettings = {
				BUNDLE_LOADER = "$(BUILT_PRODUCTS_DIR)/Carhub.app/Carhub";
				FRAMEWORK_SEARCH_PATHS = (
					"$(SDKROOT)/Developer/Library/Frameworks",
					"$(inherited)",
					"$(DEVELOPER_FRAMEWORKS_DIR)",
				);
				GCC_PRECOMPILE_PREFIX_HEADER = YES;
				GCC_PREFIX_HEADER = "Carhub/Carhub-Prefix.pch";
				INFOPLIST_FILE = "CarhubTests/CarhubTests-Info.plist";
				PRODUCT_NAME = "$(TARGET_NAME)";
				TEST_HOST = "$(BUNDLE_LOADER)";
				WRAPPER_EXTENSION = xctest;
			};
			name = Distribution;
		};
/* End XCBuildConfiguration section */

/* Begin XCConfigurationList section */
		AA5546821979F2CD00E7CF12 /* Build configuration list for PBXProject "Carhub" */ = {
			isa = XCConfigurationList;
			buildConfigurations = (
				AA5546B71979F2CE00E7CF12 /* Debug */,
				AA5546B81979F2CE00E7CF12 /* Release */,
				AAB305021985B2EF002C5526 /* Distribution */,
			);
			defaultConfigurationIsVisible = 0;
			defaultConfigurationName = Release;
		};
		AA5546B91979F2CE00E7CF12 /* Build configuration list for PBXNativeTarget "Carhub" */ = {
			isa = XCConfigurationList;
			buildConfigurations = (
				AA5546BA1979F2CE00E7CF12 /* Debug */,
				AA5546BB1979F2CE00E7CF12 /* Release */,
				AAB305031985B2EF002C5526 /* Distribution */,
			);
			defaultConfigurationIsVisible = 0;
			defaultConfigurationName = Release;
		};
		AA5546BC1979F2CE00E7CF12 /* Build configuration list for PBXNativeTarget "CarhubTests" */ = {
			isa = XCConfigurationList;
			buildConfigurations = (
				AA5546BD1979F2CE00E7CF12 /* Debug */,
				AA5546BE1979F2CE00E7CF12 /* Release */,
				AAB305041985B2EF002C5526 /* Distribution */,
			);
			defaultConfigurationIsVisible = 0;
			defaultConfigurationName = Release;
		};
/* End XCConfigurationList section */
	};
	rootObject = AA55467F1979F2CD00E7CF12 /* Project object */;
}
